// !$*UTF8*$!
{
	archiveVersion = 1;
	classes = {
	};
	objectVersion = 50;
	objects = {

/* Begin PBXBuildFile section */
		CD054A06240E748A000FBD29 /* BlockViewController.m in Sources */ = {isa = PBXBuildFile; fileRef = CD054A05240E748A000FBD29 /* BlockViewController.m */; };
		CD2DC9DD24302C7B007A8EF9 /* ScrollPageView.m in Sources */ = {isa = PBXBuildFile; fileRef = CD2DC9DC24302C7B007A8EF9 /* ScrollPageView.m */; };
		CD2DC9E024302D68007A8EF9 /* UIColor+YSTurnRGB.m in Sources */ = {isa = PBXBuildFile; fileRef = CD2DC9DF24302D68007A8EF9 /* UIColor+YSTurnRGB.m */; };
		CD2DC9E324303B76007A8EF9 /* PageItemView.m in Sources */ = {isa = PBXBuildFile; fileRef = CD2DC9E224303B76007A8EF9 /* PageItemView.m */; };
		CD5326682409F2D800043426 /* AppDelegate.m in Sources */ = {isa = PBXBuildFile; fileRef = CD5326672409F2D800043426 /* AppDelegate.m */; };
		CD53266B2409F2D800043426 /* SceneDelegate.m in Sources */ = {isa = PBXBuildFile; fileRef = CD53266A2409F2D800043426 /* SceneDelegate.m */; };
		CD5326732409F2DC00043426 /* Assets.xcassets in Resources */ = {isa = PBXBuildFile; fileRef = CD5326722409F2DC00043426 /* Assets.xcassets */; };
		CD5326762409F2DC00043426 /* LaunchScreen.storyboard in Resources */ = {isa = PBXBuildFile; fileRef = CD5326742409F2DC00043426 /* LaunchScreen.storyboard */; };
		CD5326792409F2DC00043426 /* main.m in Sources */ = {isa = PBXBuildFile; fileRef = CD5326782409F2DC00043426 /* main.m */; };
		CD5326832409F2DC00043426 /* FoundtionPractiveUITests.m in Sources */ = {isa = PBXBuildFile; fileRef = CD5326822409F2DC00043426 /* FoundtionPractiveUITests.m */; };
		CD5326932409F4BD00043426 /* MainViewController.m in Sources */ = {isa = PBXBuildFile; fileRef = CD5326922409F4BD00043426 /* MainViewController.m */; };
		CD5326972409F69200043426 /* RunloopViewController.m in Sources */ = {isa = PBXBuildFile; fileRef = CD5326962409F69200043426 /* RunloopViewController.m */; };
		CD53269B2409F82700043426 /* UIView+YSLayout.m in Sources */ = {isa = PBXBuildFile; fileRef = CD5326992409F82700043426 /* UIView+YSLayout.m */; };
		CD5326A1240A1AF400043426 /* GCDViewController.m in Sources */ = {isa = PBXBuildFile; fileRef = CD5326A0240A1AF400043426 /* GCDViewController.m */; };
		CD5326A4240A329100043426 /* WeakTimer.m in Sources */ = {isa = PBXBuildFile; fileRef = CD5326A3240A329100043426 /* WeakTimer.m */; };
		CD5326A7240A537000043426 /* RunTimeViewController.m in Sources */ = {isa = PBXBuildFile; fileRef = CD5326A6240A537000043426 /* RunTimeViewController.m */; };
		CD5326AA240A53D800043426 /* Person.m in Sources */ = {isa = PBXBuildFile; fileRef = CD5326A9240A53D800043426 /* Person.m */; };
		CD5326AD240A53EC00043426 /* Xiaoming.m in Sources */ = {isa = PBXBuildFile; fileRef = CD5326AC240A53EC00043426 /* Xiaoming.m */; };
		CD5326B0240A665300043426 /* NSString+AAAA.m in Sources */ = {isa = PBXBuildFile; fileRef = CD5326AF240A665300043426 /* NSString+AAAA.m */; };
		CD5326B3240A66E400043426 /* NSString+BBBBBBB.m in Sources */ = {isa = PBXBuildFile; fileRef = CD5326B2240A66E400043426 /* NSString+BBBBBBB.m */; };
		CD5326BF240A7E0200043426 /* Xiaoming+AAAAA.m in Sources */ = {isa = PBXBuildFile; fileRef = CD5326BD240A7E0200043426 /* Xiaoming+AAAAA.m */; };
		CD5326C7240A804D00043426 /* Xiaoming+BBBBBBB.m in Sources */ = {isa = PBXBuildFile; fileRef = CD5326C3240A804D00043426 /* Xiaoming+BBBBBBB.m */; };
		CD5326C8240A804D00043426 /* Xiaoming+CCCCCC.m in Sources */ = {isa = PBXBuildFile; fileRef = CD5326C5240A804D00043426 /* Xiaoming+CCCCCC.m */; };
		CD5326CE240A927F00043426 /* NSOperationViewController.m in Sources */ = {isa = PBXBuildFile; fileRef = CD5326CD240A927F00043426 /* NSOperationViewController.m */; };
		CD5326D1240AA8A500043426 /* CustomUIView.m in Sources */ = {isa = PBXBuildFile; fileRef = CD5326D0240AA8A500043426 /* CustomUIView.m */; };
		CD7EC77C2415D5CE003C9A29 /* DictionaryViewController.m in Sources */ = {isa = PBXBuildFile; fileRef = CD7EC77B2415D5CE003C9A29 /* DictionaryViewController.m */; };
		CD7EC77F2415D782003C9A29 /* ParentObj.m in Sources */ = {isa = PBXBuildFile; fileRef = CD7EC77E2415D782003C9A29 /* ParentObj.m */; };
		CD7EC785241658C1003C9A29 /* SonObject.m in Sources */ = {isa = PBXBuildFile; fileRef = CD7EC784241658C1003C9A29 /* SonObject.m */; };
		CD7EC78924166A9A003C9A29 /* LockViewController.m in Sources */ = {isa = PBXBuildFile; fileRef = CD7EC78824166A9A003C9A29 /* LockViewController.m */; };
		CD8D3EB02426FE7E00B8320D /* TestViewModel2.m in Sources */ = {isa = PBXBuildFile; fileRef = CD8D3EAF2426FE7E00B8320D /* TestViewModel2.m */; };
		CD8D3EEA242712C700B8320D /* SDWebImageManager.m in Sources */ = {isa = PBXBuildFile; fileRef = CD8D3EBA242712C700B8320D /* SDWebImageManager.m */; };
		CD8D3EEB242712C700B8320D /* UIImageView+HighlightedWebCache.m in Sources */ = {isa = PBXBuildFile; fileRef = CD8D3EBC242712C700B8320D /* UIImageView+HighlightedWebCache.m */; };
		CD8D3EEC242712C700B8320D /* SDWebImageFrame.m in Sources */ = {isa = PBXBuildFile; fileRef = CD8D3EBD242712C700B8320D /* SDWebImageFrame.m */; };
		CD8D3EED242712C700B8320D /* UIImage+ForceDecode.m in Sources */ = {isa = PBXBuildFile; fileRef = CD8D3EBF242712C700B8320D /* UIImage+ForceDecode.m */; };
		CD8D3EEE242712C700B8320D /* SDWebImageCodersManager.m in Sources */ = {isa = PBXBuildFile; fileRef = CD8D3EC1242712C700B8320D /* SDWebImageCodersManager.m */; };
		CD8D3EEF242712C700B8320D /* SDWebImageDownloader.m in Sources */ = {isa = PBXBuildFile; fileRef = CD8D3EC3242712C700B8320D /* SDWebImageDownloader.m */; };
		CD8D3EF0242712C700B8320D /* UIImage+GIF.m in Sources */ = {isa = PBXBuildFile; fileRef = CD8D3EC5242712C700B8320D /* UIImage+GIF.m */; };
		CD8D3EF1242712C700B8320D /* UIImage+MultiFormat.m in Sources */ = {isa = PBXBuildFile; fileRef = CD8D3EC7242712C700B8320D /* UIImage+MultiFormat.m */; };
		CD8D3EF2242712C700B8320D /* SDWebImageCoderHelper.m in Sources */ = {isa = PBXBuildFile; fileRef = CD8D3EC8242712C700B8320D /* SDWebImageCoderHelper.m */; };
		CD8D3EF3242712C700B8320D /* SDWebImageCompat.m in Sources */ = {isa = PBXBuildFile; fileRef = CD8D3EC9242712C700B8320D /* SDWebImageCompat.m */; };
		CD8D3EF4242712C700B8320D /* SDWebImagePrefetcher.m in Sources */ = {isa = PBXBuildFile; fileRef = CD8D3ECB242712C700B8320D /* SDWebImagePrefetcher.m */; };
		CD8D3EF5242712C700B8320D /* SDWebImageCoder.m in Sources */ = {isa = PBXBuildFile; fileRef = CD8D3ECE242712C700B8320D /* SDWebImageCoder.m */; };
		CD8D3EF6242712C700B8320D /* NSButton+WebCache.m in Sources */ = {isa = PBXBuildFile; fileRef = CD8D3ECF242712C700B8320D /* NSButton+WebCache.m */; };
		CD8D3EF7242712C700B8320D /* SDAnimatedImageRep.m in Sources */ = {isa = PBXBuildFile; fileRef = CD8D3ED0242712C700B8320D /* SDAnimatedImageRep.m */; };
		CD8D3EF8242712C700B8320D /* SDImageCache.m in Sources */ = {isa = PBXBuildFile; fileRef = CD8D3ED1242712C700B8320D /* SDImageCache.m */; };
		CD8D3EF9242712C700B8320D /* SDWebImageDownloaderOperation.m in Sources */ = {isa = PBXBuildFile; fileRef = CD8D3ED4242712C700B8320D /* SDWebImageDownloaderOperation.m */; };
		CD8D3EFA242712C700B8320D /* SDWebImageTransition.m in Sources */ = {isa = PBXBuildFile; fileRef = CD8D3ED5242712C700B8320D /* SDWebImageTransition.m */; };
		CD8D3EFB242712C700B8320D /* NSData+ImageContentType.m in Sources */ = {isa = PBXBuildFile; fileRef = CD8D3ED7242712C700B8320D /* NSData+ImageContentType.m */; };
		CD8D3EFC242712C700B8320D /* UIImageView+WebCache.m in Sources */ = {isa = PBXBuildFile; fileRef = CD8D3ED8242712C700B8320D /* UIImageView+WebCache.m */; };
		CD8D3EFD242712C700B8320D /* NSImage+WebCache.m in Sources */ = {isa = PBXBuildFile; fileRef = CD8D3EDA242712C700B8320D /* NSImage+WebCache.m */; };
		CD8D3EFE242712C700B8320D /* SDWebImageGIFCoder.m in Sources */ = {isa = PBXBuildFile; fileRef = CD8D3EDB242712C700B8320D /* SDWebImageGIFCoder.m */; };
		CD8D3EFF242712C700B8320D /* UIImage+MemoryCacheCost.m in Sources */ = {isa = PBXBuildFile; fileRef = CD8D3EDD242712C700B8320D /* UIImage+MemoryCacheCost.m */; };
		CD8D3F00242712C700B8320D /* SDImageCacheConfig.m in Sources */ = {isa = PBXBuildFile; fileRef = CD8D3EDE242712C700B8320D /* SDImageCacheConfig.m */; };
		CD8D3F01242712C700B8320D /* UIView+WebCacheOperation.m in Sources */ = {isa = PBXBuildFile; fileRef = CD8D3EE1242712C700B8320D /* UIView+WebCacheOperation.m */; };
		CD8D3F02242712C700B8320D /* UIView+WebCache.m in Sources */ = {isa = PBXBuildFile; fileRef = CD8D3EE2242712C700B8320D /* UIView+WebCache.m */; };
		CD8D3F03242712C700B8320D /* SDWebImageImageIOCoder.m in Sources */ = {isa = PBXBuildFile; fileRef = CD8D3EE4242712C700B8320D /* SDWebImageImageIOCoder.m */; };
		CD8D3F04242712C700B8320D /* UIButton+WebCache.m in Sources */ = {isa = PBXBuildFile; fileRef = CD8D3EE8242712C700B8320D /* UIButton+WebCache.m */; };
		CD8D3F08242712FF00B8320D /* ImageViewController.m in Sources */ = {isa = PBXBuildFile; fileRef = CD8D3F07242712FF00B8320D /* ImageViewController.m */; };
		CD8D3F0B2427145D00B8320D /* placeholder@3x.png in Resources */ = {isa = PBXBuildFile; fileRef = CD8D3F0A2427145D00B8320D /* placeholder@3x.png */; };
		CD8D3F1D242729BC00B8320D /* WHDebugToolManager.m in Sources */ = {isa = PBXBuildFile; fileRef = CD8D3F10242729BB00B8320D /* WHDebugToolManager.m */; };
		CD8D3F1E242729BC00B8320D /* WHDebugTempVC.m in Sources */ = {isa = PBXBuildFile; fileRef = CD8D3F17242729BB00B8320D /* WHDebugTempVC.m */; };
		CD8D3F1F242729BC00B8320D /* WHDebugFPSMonitor.m in Sources */ = {isa = PBXBuildFile; fileRef = CD8D3F18242729BB00B8320D /* WHDebugFPSMonitor.m */; };
		CD8D3F20242729BC00B8320D /* WHDebugMemoryMonitor.m in Sources */ = {isa = PBXBuildFile; fileRef = CD8D3F19242729BB00B8320D /* WHDebugMemoryMonitor.m */; };
		CD8D3F21242729BC00B8320D /* WHDebugConsoleLabel.m in Sources */ = {isa = PBXBuildFile; fileRef = CD8D3F1A242729BB00B8320D /* WHDebugConsoleLabel.m */; };
		CD8D3F22242729BC00B8320D /* WHDebugMonitor.m in Sources */ = {isa = PBXBuildFile; fileRef = CD8D3F1B242729BB00B8320D /* WHDebugMonitor.m */; };
		CD8D3F23242729BC00B8320D /* WHDebugCpuMonitor.m in Sources */ = {isa = PBXBuildFile; fileRef = CD8D3F1C242729BB00B8320D /* WHDebugCpuMonitor.m */; };
		CD8D3F2724272A7E00B8320D /* OttoFPSButton.m in Sources */ = {isa = PBXBuildFile; fileRef = CD8D3F2624272A7E00B8320D /* OttoFPSButton.m */; };
		CDADA54224107C33005F2C81 /* TimerViewController.m in Sources */ = {isa = PBXBuildFile; fileRef = CDADA54124107C33005F2C81 /* TimerViewController.m */; };
		CDADA54624108B3E005F2C81 /* CALayerViewController.m in Sources */ = {isa = PBXBuildFile; fileRef = CDADA54524108B3E005F2C81 /* CALayerViewController.m */; };
		CDC8C02E241722F800240B04 /* GestureViewController.m in Sources */ = {isa = PBXBuildFile; fileRef = CDC8C02D241722F800240B04 /* GestureViewController.m */; };
		CDC8C04124175FF100240B04 /* AsynViewController.m in Sources */ = {isa = PBXBuildFile; fileRef = CDC8C04024175FF100240B04 /* AsynViewController.m */; };
		CDC8C0442417650600240B04 /* AsyncLabel.m in Sources */ = {isa = PBXBuildFile; fileRef = CDC8C0432417650600240B04 /* AsyncLabel.m */; };
		CDF758A52419AA390084AB5B /* NSNotificationCenter+Test.m in Sources */ = {isa = PBXBuildFile; fileRef = CDF758A42419AA390084AB5B /* NSNotificationCenter+Test.m */; };
		CDF758B9241E21D20084AB5B /* NSString+testbbb.m in Sources */ = {isa = PBXBuildFile; fileRef = CDF758B8241E21D20084AB5B /* NSString+testbbb.m */; };
/* End PBXBuildFile section */

/* Begin PBXContainerItemProxy section */
		CD53267F2409F2DC00043426 /* PBXContainerItemProxy */ = {
			isa = PBXContainerItemProxy;
			containerPortal = CD53265B2409F2D800043426 /* Project object */;
			proxyType = 1;
			remoteGlobalIDString = CD5326622409F2D800043426;
			remoteInfo = FoundtionPractive;
		};
/* End PBXContainerItemProxy section */

/* Begin PBXFileReference section */
		CD054A04240E748A000FBD29 /* BlockViewController.h */ = {isa = PBXFileReference; lastKnownFileType = sourcecode.c.h; path = BlockViewController.h; sourceTree = "<group>"; };
		CD054A05240E748A000FBD29 /* BlockViewController.m */ = {isa = PBXFileReference; lastKnownFileType = sourcecode.c.objc; path = BlockViewController.m; sourceTree = "<group>"; };
		CD2DC9DB24302C7B007A8EF9 /* ScrollPageView.h */ = {isa = PBXFileReference; lastKnownFileType = sourcecode.c.h; path = ScrollPageView.h; sourceTree = "<group>"; };
		CD2DC9DC24302C7B007A8EF9 /* ScrollPageView.m */ = {isa = PBXFileReference; lastKnownFileType = sourcecode.c.objc; path = ScrollPageView.m; sourceTree = "<group>"; };
		CD2DC9DE24302D68007A8EF9 /* UIColor+YSTurnRGB.h */ = {isa = PBXFileReference; fileEncoding = 4; lastKnownFileType = sourcecode.c.h; path = "UIColor+YSTurnRGB.h"; sourceTree = "<group>"; };
		CD2DC9DF24302D68007A8EF9 /* UIColor+YSTurnRGB.m */ = {isa = PBXFileReference; fileEncoding = 4; lastKnownFileType = sourcecode.c.objc; path = "UIColor+YSTurnRGB.m"; sourceTree = "<group>"; };
		CD2DC9E124303B76007A8EF9 /* PageItemView.h */ = {isa = PBXFileReference; lastKnownFileType = sourcecode.c.h; path = PageItemView.h; sourceTree = "<group>"; };
		CD2DC9E224303B76007A8EF9 /* PageItemView.m */ = {isa = PBXFileReference; lastKnownFileType = sourcecode.c.objc; path = PageItemView.m; sourceTree = "<group>"; };
		CD5326632409F2D800043426 /* FoundtionPractive.app */ = {isa = PBXFileReference; explicitFileType = wrapper.application; includeInIndex = 0; path = FoundtionPractive.app; sourceTree = BUILT_PRODUCTS_DIR; };
		CD5326662409F2D800043426 /* AppDelegate.h */ = {isa = PBXFileReference; lastKnownFileType = sourcecode.c.h; path = AppDelegate.h; sourceTree = "<group>"; };
		CD5326672409F2D800043426 /* AppDelegate.m */ = {isa = PBXFileReference; lastKnownFileType = sourcecode.c.objc; path = AppDelegate.m; sourceTree = "<group>"; };
		CD5326692409F2D800043426 /* SceneDelegate.h */ = {isa = PBXFileReference; lastKnownFileType = sourcecode.c.h; path = SceneDelegate.h; sourceTree = "<group>"; };
		CD53266A2409F2D800043426 /* SceneDelegate.m */ = {isa = PBXFileReference; lastKnownFileType = sourcecode.c.objc; path = SceneDelegate.m; sourceTree = "<group>"; };
		CD5326722409F2DC00043426 /* Assets.xcassets */ = {isa = PBXFileReference; lastKnownFileType = folder.assetcatalog; path = Assets.xcassets; sourceTree = "<group>"; };
		CD5326752409F2DC00043426 /* Base */ = {isa = PBXFileReference; lastKnownFileType = file.storyboard; name = Base; path = Base.lproj/LaunchScreen.storyboard; sourceTree = "<group>"; };
		CD5326772409F2DC00043426 /* Info.plist */ = {isa = PBXFileReference; lastKnownFileType = text.plist.xml; path = Info.plist; sourceTree = "<group>"; };
		CD5326782409F2DC00043426 /* main.m */ = {isa = PBXFileReference; lastKnownFileType = sourcecode.c.objc; path = main.m; sourceTree = "<group>"; };
		CD53267E2409F2DC00043426 /* FoundtionPractiveUITests.xctest */ = {isa = PBXFileReference; explicitFileType = wrapper.cfbundle; includeInIndex = 0; path = FoundtionPractiveUITests.xctest; sourceTree = BUILT_PRODUCTS_DIR; };
		CD5326822409F2DC00043426 /* FoundtionPractiveUITests.m */ = {isa = PBXFileReference; lastKnownFileType = sourcecode.c.objc; path = FoundtionPractiveUITests.m; sourceTree = "<group>"; };
		CD5326842409F2DC00043426 /* Info.plist */ = {isa = PBXFileReference; lastKnownFileType = text.plist.xml; path = Info.plist; sourceTree = "<group>"; };
		CD5326912409F4BD00043426 /* MainViewController.h */ = {isa = PBXFileReference; lastKnownFileType = sourcecode.c.h; path = MainViewController.h; sourceTree = "<group>"; };
		CD5326922409F4BD00043426 /* MainViewController.m */ = {isa = PBXFileReference; lastKnownFileType = sourcecode.c.objc; path = MainViewController.m; sourceTree = "<group>"; };
		CD5326952409F69200043426 /* RunloopViewController.h */ = {isa = PBXFileReference; lastKnownFileType = sourcecode.c.h; path = RunloopViewController.h; sourceTree = "<group>"; };
		CD5326962409F69200043426 /* RunloopViewController.m */ = {isa = PBXFileReference; lastKnownFileType = sourcecode.c.objc; path = RunloopViewController.m; sourceTree = "<group>"; };
		CD5326992409F82700043426 /* UIView+YSLayout.m */ = {isa = PBXFileReference; fileEncoding = 4; lastKnownFileType = sourcecode.c.objc; path = "UIView+YSLayout.m"; sourceTree = "<group>"; };
		CD53269A2409F82700043426 /* UIView+YSLayout.h */ = {isa = PBXFileReference; fileEncoding = 4; lastKnownFileType = sourcecode.c.h; path = "UIView+YSLayout.h"; sourceTree = "<group>"; };
		CD53269C2409F86F00043426 /* PrefixHeader.pch */ = {isa = PBXFileReference; lastKnownFileType = sourcecode.c.h; path = PrefixHeader.pch; sourceTree = "<group>"; };
		CD53269F240A1AF400043426 /* GCDViewController.h */ = {isa = PBXFileReference; lastKnownFileType = sourcecode.c.h; path = GCDViewController.h; sourceTree = "<group>"; };
		CD5326A0240A1AF400043426 /* GCDViewController.m */ = {isa = PBXFileReference; lastKnownFileType = sourcecode.c.objc; path = GCDViewController.m; sourceTree = "<group>"; };
		CD5326A2240A329100043426 /* WeakTimer.h */ = {isa = PBXFileReference; lastKnownFileType = sourcecode.c.h; path = WeakTimer.h; sourceTree = "<group>"; };
		CD5326A3240A329100043426 /* WeakTimer.m */ = {isa = PBXFileReference; lastKnownFileType = sourcecode.c.objc; path = WeakTimer.m; sourceTree = "<group>"; };
		CD5326A5240A537000043426 /* RunTimeViewController.h */ = {isa = PBXFileReference; lastKnownFileType = sourcecode.c.h; path = RunTimeViewController.h; sourceTree = "<group>"; };
		CD5326A6240A537000043426 /* RunTimeViewController.m */ = {isa = PBXFileReference; lastKnownFileType = sourcecode.c.objc; path = RunTimeViewController.m; sourceTree = "<group>"; };
		CD5326A8240A53D800043426 /* Person.h */ = {isa = PBXFileReference; lastKnownFileType = sourcecode.c.h; path = Person.h; sourceTree = "<group>"; };
		CD5326A9240A53D800043426 /* Person.m */ = {isa = PBXFileReference; lastKnownFileType = sourcecode.c.objc; path = Person.m; sourceTree = "<group>"; };
		CD5326AB240A53EC00043426 /* Xiaoming.h */ = {isa = PBXFileReference; lastKnownFileType = sourcecode.c.h; path = Xiaoming.h; sourceTree = "<group>"; };
		CD5326AC240A53EC00043426 /* Xiaoming.m */ = {isa = PBXFileReference; lastKnownFileType = sourcecode.c.objc; path = Xiaoming.m; sourceTree = "<group>"; };
		CD5326AE240A665300043426 /* NSString+AAAA.h */ = {isa = PBXFileReference; lastKnownFileType = sourcecode.c.h; path = "NSString+AAAA.h"; sourceTree = "<group>"; };
		CD5326AF240A665300043426 /* NSString+AAAA.m */ = {isa = PBXFileReference; lastKnownFileType = sourcecode.c.objc; path = "NSString+AAAA.m"; sourceTree = "<group>"; };
		CD5326B1240A66E400043426 /* NSString+BBBBBBB.h */ = {isa = PBXFileReference; lastKnownFileType = sourcecode.c.h; path = "NSString+BBBBBBB.h"; sourceTree = "<group>"; };
		CD5326B2240A66E400043426 /* NSString+BBBBBBB.m */ = {isa = PBXFileReference; lastKnownFileType = sourcecode.c.objc; path = "NSString+BBBBBBB.m"; sourceTree = "<group>"; };
		CD5326BA240A7E0100043426 /* Xiaoming+AAAAA.h */ = {isa = PBXFileReference; fileEncoding = 4; lastKnownFileType = sourcecode.c.h; path = "Xiaoming+AAAAA.h"; sourceTree = "<group>"; };
		CD5326BD240A7E0200043426 /* Xiaoming+AAAAA.m */ = {isa = PBXFileReference; fileEncoding = 4; lastKnownFileType = sourcecode.c.objc; path = "Xiaoming+AAAAA.m"; sourceTree = "<group>"; };
		CD5326C3240A804D00043426 /* Xiaoming+BBBBBBB.m */ = {isa = PBXFileReference; fileEncoding = 4; lastKnownFileType = sourcecode.c.objc; path = "Xiaoming+BBBBBBB.m"; sourceTree = "<group>"; };
		CD5326C4240A804D00043426 /* Xiaoming+BBBBBBB.h */ = {isa = PBXFileReference; fileEncoding = 4; lastKnownFileType = sourcecode.c.h; path = "Xiaoming+BBBBBBB.h"; sourceTree = "<group>"; };
		CD5326C5240A804D00043426 /* Xiaoming+CCCCCC.m */ = {isa = PBXFileReference; fileEncoding = 4; lastKnownFileType = sourcecode.c.objc; path = "Xiaoming+CCCCCC.m"; sourceTree = "<group>"; };
		CD5326C6240A804D00043426 /* Xiaoming+CCCCCC.h */ = {isa = PBXFileReference; fileEncoding = 4; lastKnownFileType = sourcecode.c.h; path = "Xiaoming+CCCCCC.h"; sourceTree = "<group>"; };
		CD5326CC240A927F00043426 /* NSOperationViewController.h */ = {isa = PBXFileReference; lastKnownFileType = sourcecode.c.h; path = NSOperationViewController.h; sourceTree = "<group>"; };
		CD5326CD240A927F00043426 /* NSOperationViewController.m */ = {isa = PBXFileReference; lastKnownFileType = sourcecode.c.objc; path = NSOperationViewController.m; sourceTree = "<group>"; };
		CD5326CF240AA8A500043426 /* CustomUIView.h */ = {isa = PBXFileReference; lastKnownFileType = sourcecode.c.h; path = CustomUIView.h; sourceTree = "<group>"; };
		CD5326D0240AA8A500043426 /* CustomUIView.m */ = {isa = PBXFileReference; lastKnownFileType = sourcecode.c.objc; path = CustomUIView.m; sourceTree = "<group>"; };
		CD5326D2240BAAAB00043426 /* NSString+ExtString.h */ = {isa = PBXFileReference; lastKnownFileType = sourcecode.c.h; path = "NSString+ExtString.h"; sourceTree = "<group>"; };
		CD7EC77A2415D5CE003C9A29 /* DictionaryViewController.h */ = {isa = PBXFileReference; lastKnownFileType = sourcecode.c.h; path = DictionaryViewController.h; sourceTree = "<group>"; };
		CD7EC77B2415D5CE003C9A29 /* DictionaryViewController.m */ = {isa = PBXFileReference; lastKnownFileType = sourcecode.c.objc; path = DictionaryViewController.m; sourceTree = "<group>"; };
		CD7EC77D2415D782003C9A29 /* ParentObj.h */ = {isa = PBXFileReference; lastKnownFileType = sourcecode.c.h; path = ParentObj.h; sourceTree = "<group>"; };
		CD7EC77E2415D782003C9A29 /* ParentObj.m */ = {isa = PBXFileReference; lastKnownFileType = sourcecode.c.objc; path = ParentObj.m; sourceTree = "<group>"; };
		CD7EC783241658C1003C9A29 /* SonObject.h */ = {isa = PBXFileReference; lastKnownFileType = sourcecode.c.h; path = SonObject.h; sourceTree = "<group>"; };
		CD7EC784241658C1003C9A29 /* SonObject.m */ = {isa = PBXFileReference; lastKnownFileType = sourcecode.c.objc; path = SonObject.m; sourceTree = "<group>"; };
		CD7EC78724166A9A003C9A29 /* LockViewController.h */ = {isa = PBXFileReference; lastKnownFileType = sourcecode.c.h; path = LockViewController.h; sourceTree = "<group>"; };
		CD7EC78824166A9A003C9A29 /* LockViewController.m */ = {isa = PBXFileReference; lastKnownFileType = sourcecode.c.objc; path = LockViewController.m; sourceTree = "<group>"; };
		CD8D3EAE2426FE7E00B8320D /* TestViewModel2.h */ = {isa = PBXFileReference; lastKnownFileType = sourcecode.c.h; path = TestViewModel2.h; sourceTree = "<group>"; };
		CD8D3EAF2426FE7E00B8320D /* TestViewModel2.m */ = {isa = PBXFileReference; lastKnownFileType = sourcecode.c.objc; path = TestViewModel2.m; sourceTree = "<group>"; };
		CD8D3EB3242712C700B8320D /* SDAnimatedImageRep.h */ = {isa = PBXFileReference; fileEncoding = 4; lastKnownFileType = sourcecode.c.h; path = SDAnimatedImageRep.h; sourceTree = "<group>"; };
		CD8D3EB4242712C700B8320D /* NSButton+WebCache.h */ = {isa = PBXFileReference; fileEncoding = 4; lastKnownFileType = sourcecode.c.h; path = "NSButton+WebCache.h"; sourceTree = "<group>"; };
		CD8D3EB5242712C700B8320D /* SDWebImageCoder.h */ = {isa = PBXFileReference; fileEncoding = 4; lastKnownFileType = sourcecode.c.h; path = SDWebImageCoder.h; sourceTree = "<group>"; };
		CD8D3EB6242712C700B8320D /* NSImage+WebCache.h */ = {isa = PBXFileReference; fileEncoding = 4; lastKnownFileType = sourcecode.c.h; path = "NSImage+WebCache.h"; sourceTree = "<group>"; };
		CD8D3EB7242712C700B8320D /* UIImageView+WebCache.h */ = {isa = PBXFileReference; fileEncoding = 4; lastKnownFileType = sourcecode.c.h; name = "UIImageView+WebCache.h"; path = "../UIImageView+WebCache.h"; sourceTree = "<group>"; };
		CD8D3EB8242712C700B8320D /* NSData+ImageContentType.h */ = {isa = PBXFileReference; fileEncoding = 4; lastKnownFileType = sourcecode.c.h; path = "NSData+ImageContentType.h"; sourceTree = "<group>"; };
		CD8D3EB9242712C700B8320D /* SDWebImageTransition.h */ = {isa = PBXFileReference; fileEncoding = 4; lastKnownFileType = sourcecode.c.h; path = SDWebImageTransition.h; sourceTree = "<group>"; };
		CD8D3EBA242712C700B8320D /* SDWebImageManager.m */ = {isa = PBXFileReference; fileEncoding = 4; lastKnownFileType = sourcecode.c.objc; path = SDWebImageManager.m; sourceTree = "<group>"; };
		CD8D3EBB242712C700B8320D /* SDWebImageDownloaderOperation.h */ = {isa = PBXFileReference; fileEncoding = 4; lastKnownFileType = sourcecode.c.h; path = SDWebImageDownloaderOperation.h; sourceTree = "<group>"; };
		CD8D3EBC242712C700B8320D /* UIImageView+HighlightedWebCache.m */ = {isa = PBXFileReference; fileEncoding = 4; lastKnownFileType = sourcecode.c.objc; path = "UIImageView+HighlightedWebCache.m"; sourceTree = "<group>"; };
		CD8D3EBD242712C700B8320D /* SDWebImageFrame.m */ = {isa = PBXFileReference; fileEncoding = 4; lastKnownFileType = sourcecode.c.objc; path = SDWebImageFrame.m; sourceTree = "<group>"; };
		CD8D3EBE242712C700B8320D /* SDImageCache.h */ = {isa = PBXFileReference; fileEncoding = 4; lastKnownFileType = sourcecode.c.h; name = SDImageCache.h; path = ../SDImageCache.h; sourceTree = "<group>"; };
		CD8D3EBF242712C700B8320D /* UIImage+ForceDecode.m */ = {isa = PBXFileReference; fileEncoding = 4; lastKnownFileType = sourcecode.c.objc; path = "UIImage+ForceDecode.m"; sourceTree = "<group>"; };
		CD8D3EC0242712C700B8320D /* SDImageCacheConfig.h */ = {isa = PBXFileReference; fileEncoding = 4; lastKnownFileType = sourcecode.c.h; path = SDImageCacheConfig.h; sourceTree = "<group>"; };
		CD8D3EC1242712C700B8320D /* SDWebImageCodersManager.m */ = {isa = PBXFileReference; fileEncoding = 4; lastKnownFileType = sourcecode.c.objc; path = SDWebImageCodersManager.m; sourceTree = "<group>"; };
		CD8D3EC2242712C700B8320D /* UIImage+MemoryCacheCost.h */ = {isa = PBXFileReference; fileEncoding = 4; lastKnownFileType = sourcecode.c.h; path = "UIImage+MemoryCacheCost.h"; sourceTree = "<group>"; };
		CD8D3EC3242712C700B8320D /* SDWebImageDownloader.m */ = {isa = PBXFileReference; fileEncoding = 4; lastKnownFileType = sourcecode.c.objc; path = SDWebImageDownloader.m; sourceTree = "<group>"; };
		CD8D3EC4242712C700B8320D /* SDWebImageGIFCoder.h */ = {isa = PBXFileReference; fileEncoding = 4; lastKnownFileType = sourcecode.c.h; path = SDWebImageGIFCoder.h; sourceTree = "<group>"; };
		CD8D3EC5242712C700B8320D /* UIImage+GIF.m */ = {isa = PBXFileReference; fileEncoding = 4; lastKnownFileType = sourcecode.c.objc; path = "UIImage+GIF.m"; sourceTree = "<group>"; };
		CD8D3EC6242712C700B8320D /* UIButton+WebCache.h */ = {isa = PBXFileReference; fileEncoding = 4; lastKnownFileType = sourcecode.c.h; path = "UIButton+WebCache.h"; sourceTree = "<group>"; };
		CD8D3EC7242712C700B8320D /* UIImage+MultiFormat.m */ = {isa = PBXFileReference; fileEncoding = 4; lastKnownFileType = sourcecode.c.objc; path = "UIImage+MultiFormat.m"; sourceTree = "<group>"; };
		CD8D3EC8242712C700B8320D /* SDWebImageCoderHelper.m */ = {isa = PBXFileReference; fileEncoding = 4; lastKnownFileType = sourcecode.c.objc; path = SDWebImageCoderHelper.m; sourceTree = "<group>"; };
		CD8D3EC9242712C700B8320D /* SDWebImageCompat.m */ = {isa = PBXFileReference; fileEncoding = 4; lastKnownFileType = sourcecode.c.objc; path = SDWebImageCompat.m; sourceTree = "<group>"; };
		CD8D3ECA242712C700B8320D /* SDWebImageImageIOCoder.h */ = {isa = PBXFileReference; fileEncoding = 4; lastKnownFileType = sourcecode.c.h; path = SDWebImageImageIOCoder.h; sourceTree = "<group>"; };
		CD8D3ECB242712C700B8320D /* SDWebImagePrefetcher.m */ = {isa = PBXFileReference; fileEncoding = 4; lastKnownFileType = sourcecode.c.objc; path = SDWebImagePrefetcher.m; sourceTree = "<group>"; };
		CD8D3ECC242712C700B8320D /* UIView+WebCache.h */ = {isa = PBXFileReference; fileEncoding = 4; lastKnownFileType = sourcecode.c.h; path = "UIView+WebCache.h"; sourceTree = "<group>"; };
		CD8D3ECD242712C700B8320D /* UIView+WebCacheOperation.h */ = {isa = PBXFileReference; fileEncoding = 4; lastKnownFileType = sourcecode.c.h; path = "UIView+WebCacheOperation.h"; sourceTree = "<group>"; };
		CD8D3ECE242712C700B8320D /* SDWebImageCoder.m */ = {isa = PBXFileReference; fileEncoding = 4; lastKnownFileType = sourcecode.c.objc; path = SDWebImageCoder.m; sourceTree = "<group>"; };
		CD8D3ECF242712C700B8320D /* NSButton+WebCache.m */ = {isa = PBXFileReference; fileEncoding = 4; lastKnownFileType = sourcecode.c.objc; path = "NSButton+WebCache.m"; sourceTree = "<group>"; };
		CD8D3ED0242712C700B8320D /* SDAnimatedImageRep.m */ = {isa = PBXFileReference; fileEncoding = 4; lastKnownFileType = sourcecode.c.objc; path = SDAnimatedImageRep.m; sourceTree = "<group>"; };
		CD8D3ED1242712C700B8320D /* SDImageCache.m */ = {isa = PBXFileReference; fileEncoding = 4; lastKnownFileType = sourcecode.c.objc; name = SDImageCache.m; path = ../SDImageCache.m; sourceTree = "<group>"; };
		CD8D3ED2242712C700B8320D /* SDWebImageFrame.h */ = {isa = PBXFileReference; fileEncoding = 4; lastKnownFileType = sourcecode.c.h; path = SDWebImageFrame.h; sourceTree = "<group>"; };
		CD8D3ED3242712C700B8320D /* UIImageView+HighlightedWebCache.h */ = {isa = PBXFileReference; fileEncoding = 4; lastKnownFileType = sourcecode.c.h; path = "UIImageView+HighlightedWebCache.h"; sourceTree = "<group>"; };
		CD8D3ED4242712C700B8320D /* SDWebImageDownloaderOperation.m */ = {isa = PBXFileReference; fileEncoding = 4; lastKnownFileType = sourcecode.c.objc; path = SDWebImageDownloaderOperation.m; sourceTree = "<group>"; };
		CD8D3ED5242712C700B8320D /* SDWebImageTransition.m */ = {isa = PBXFileReference; fileEncoding = 4; lastKnownFileType = sourcecode.c.objc; path = SDWebImageTransition.m; sourceTree = "<group>"; };
		CD8D3ED6242712C700B8320D /* SDWebImageManager.h */ = {isa = PBXFileReference; fileEncoding = 4; lastKnownFileType = sourcecode.c.h; path = SDWebImageManager.h; sourceTree = "<group>"; };
		CD8D3ED7242712C700B8320D /* NSData+ImageContentType.m */ = {isa = PBXFileReference; fileEncoding = 4; lastKnownFileType = sourcecode.c.objc; path = "NSData+ImageContentType.m"; sourceTree = "<group>"; };
		CD8D3ED8242712C700B8320D /* UIImageView+WebCache.m */ = {isa = PBXFileReference; fileEncoding = 4; lastKnownFileType = sourcecode.c.objc; name = "UIImageView+WebCache.m"; path = "../UIImageView+WebCache.m"; sourceTree = "<group>"; };
		CD8D3ED9242712C700B8320D /* SDWebImageOperation.h */ = {isa = PBXFileReference; fileEncoding = 4; lastKnownFileType = sourcecode.c.h; path = SDWebImageOperation.h; sourceTree = "<group>"; };
		CD8D3EDA242712C700B8320D /* NSImage+WebCache.m */ = {isa = PBXFileReference; fileEncoding = 4; lastKnownFileType = sourcecode.c.objc; path = "NSImage+WebCache.m"; sourceTree = "<group>"; };
		CD8D3EDB242712C700B8320D /* SDWebImageGIFCoder.m */ = {isa = PBXFileReference; fileEncoding = 4; lastKnownFileType = sourcecode.c.objc; path = SDWebImageGIFCoder.m; sourceTree = "<group>"; };
		CD8D3EDC242712C700B8320D /* SDWebImageDownloader.h */ = {isa = PBXFileReference; fileEncoding = 4; lastKnownFileType = sourcecode.c.h; path = SDWebImageDownloader.h; sourceTree = "<group>"; };
		CD8D3EDD242712C700B8320D /* UIImage+MemoryCacheCost.m */ = {isa = PBXFileReference; fileEncoding = 4; lastKnownFileType = sourcecode.c.objc; path = "UIImage+MemoryCacheCost.m"; sourceTree = "<group>"; };
		CD8D3EDE242712C700B8320D /* SDImageCacheConfig.m */ = {isa = PBXFileReference; fileEncoding = 4; lastKnownFileType = sourcecode.c.objc; path = SDImageCacheConfig.m; sourceTree = "<group>"; };
		CD8D3EDF242712C700B8320D /* SDWebImageCodersManager.h */ = {isa = PBXFileReference; fileEncoding = 4; lastKnownFileType = sourcecode.c.h; path = SDWebImageCodersManager.h; sourceTree = "<group>"; };
		CD8D3EE0242712C700B8320D /* UIImage+ForceDecode.h */ = {isa = PBXFileReference; fileEncoding = 4; lastKnownFileType = sourcecode.c.h; path = "UIImage+ForceDecode.h"; sourceTree = "<group>"; };
		CD8D3EE1242712C700B8320D /* UIView+WebCacheOperation.m */ = {isa = PBXFileReference; fileEncoding = 4; lastKnownFileType = sourcecode.c.objc; path = "UIView+WebCacheOperation.m"; sourceTree = "<group>"; };
		CD8D3EE2242712C700B8320D /* UIView+WebCache.m */ = {isa = PBXFileReference; fileEncoding = 4; lastKnownFileType = sourcecode.c.objc; path = "UIView+WebCache.m"; sourceTree = "<group>"; };
		CD8D3EE3242712C700B8320D /* SDWebImagePrefetcher.h */ = {isa = PBXFileReference; fileEncoding = 4; lastKnownFileType = sourcecode.c.h; path = SDWebImagePrefetcher.h; sourceTree = "<group>"; };
		CD8D3EE4242712C700B8320D /* SDWebImageImageIOCoder.m */ = {isa = PBXFileReference; fileEncoding = 4; lastKnownFileType = sourcecode.c.objc; path = SDWebImageImageIOCoder.m; sourceTree = "<group>"; };
		CD8D3EE5242712C700B8320D /* SDWebImageCompat.h */ = {isa = PBXFileReference; fileEncoding = 4; lastKnownFileType = sourcecode.c.h; path = SDWebImageCompat.h; sourceTree = "<group>"; };
		CD8D3EE6242712C700B8320D /* SDWebImageCoderHelper.h */ = {isa = PBXFileReference; fileEncoding = 4; lastKnownFileType = sourcecode.c.h; path = SDWebImageCoderHelper.h; sourceTree = "<group>"; };
		CD8D3EE7242712C700B8320D /* UIImage+MultiFormat.h */ = {isa = PBXFileReference; fileEncoding = 4; lastKnownFileType = sourcecode.c.h; path = "UIImage+MultiFormat.h"; sourceTree = "<group>"; };
		CD8D3EE8242712C700B8320D /* UIButton+WebCache.m */ = {isa = PBXFileReference; fileEncoding = 4; lastKnownFileType = sourcecode.c.objc; path = "UIButton+WebCache.m"; sourceTree = "<group>"; };
		CD8D3EE9242712C700B8320D /* UIImage+GIF.h */ = {isa = PBXFileReference; fileEncoding = 4; lastKnownFileType = sourcecode.c.h; path = "UIImage+GIF.h"; sourceTree = "<group>"; };
		CD8D3F06242712FF00B8320D /* ImageViewController.h */ = {isa = PBXFileReference; lastKnownFileType = sourcecode.c.h; path = ImageViewController.h; sourceTree = "<group>"; };
		CD8D3F07242712FF00B8320D /* ImageViewController.m */ = {isa = PBXFileReference; lastKnownFileType = sourcecode.c.objc; path = ImageViewController.m; sourceTree = "<group>"; };
		CD8D3F0A2427145D00B8320D /* placeholder@3x.png */ = {isa = PBXFileReference; lastKnownFileType = image.png; path = "placeholder@3x.png"; sourceTree = "<group>"; };
		CD8D3F0F242729BB00B8320D /* WHDebugTempVC.h */ = {isa = PBXFileReference; fileEncoding = 4; lastKnownFileType = sourcecode.c.h; path = WHDebugTempVC.h; sourceTree = "<group>"; };
		CD8D3F10242729BB00B8320D /* WHDebugToolManager.m */ = {isa = PBXFileReference; fileEncoding = 4; lastKnownFileType = sourcecode.c.objc; path = WHDebugToolManager.m; sourceTree = "<group>"; };
		CD8D3F11242729BB00B8320D /* WHDebugConsoleLabel.h */ = {isa = PBXFileReference; fileEncoding = 4; lastKnownFileType = sourcecode.c.h; path = WHDebugConsoleLabel.h; sourceTree = "<group>"; };
		CD8D3F12242729BB00B8320D /* WHDebugMemoryMonitor.h */ = {isa = PBXFileReference; fileEncoding = 4; lastKnownFileType = sourcecode.c.h; path = WHDebugMemoryMonitor.h; sourceTree = "<group>"; };
		CD8D3F13242729BB00B8320D /* WHDebugFPSMonitor.h */ = {isa = PBXFileReference; fileEncoding = 4; lastKnownFileType = sourcecode.c.h; path = WHDebugFPSMonitor.h; sourceTree = "<group>"; };
		CD8D3F14242729BB00B8320D /* WHDebugMonitor.h */ = {isa = PBXFileReference; fileEncoding = 4; lastKnownFileType = sourcecode.c.h; path = WHDebugMonitor.h; sourceTree = "<group>"; };
		CD8D3F15242729BB00B8320D /* WHDebugCpuMonitor.h */ = {isa = PBXFileReference; fileEncoding = 4; lastKnownFileType = sourcecode.c.h; path = WHDebugCpuMonitor.h; sourceTree = "<group>"; };
		CD8D3F16242729BB00B8320D /* WHDebugToolManager.h */ = {isa = PBXFileReference; fileEncoding = 4; lastKnownFileType = sourcecode.c.h; path = WHDebugToolManager.h; sourceTree = "<group>"; };
		CD8D3F17242729BB00B8320D /* WHDebugTempVC.m */ = {isa = PBXFileReference; fileEncoding = 4; lastKnownFileType = sourcecode.c.objc; path = WHDebugTempVC.m; sourceTree = "<group>"; };
		CD8D3F18242729BB00B8320D /* WHDebugFPSMonitor.m */ = {isa = PBXFileReference; fileEncoding = 4; lastKnownFileType = sourcecode.c.objc; path = WHDebugFPSMonitor.m; sourceTree = "<group>"; };
		CD8D3F19242729BB00B8320D /* WHDebugMemoryMonitor.m */ = {isa = PBXFileReference; fileEncoding = 4; lastKnownFileType = sourcecode.c.objc; path = WHDebugMemoryMonitor.m; sourceTree = "<group>"; };
		CD8D3F1A242729BB00B8320D /* WHDebugConsoleLabel.m */ = {isa = PBXFileReference; fileEncoding = 4; lastKnownFileType = sourcecode.c.objc; path = WHDebugConsoleLabel.m; sourceTree = "<group>"; };
		CD8D3F1B242729BB00B8320D /* WHDebugMonitor.m */ = {isa = PBXFileReference; fileEncoding = 4; lastKnownFileType = sourcecode.c.objc; path = WHDebugMonitor.m; sourceTree = "<group>"; };
		CD8D3F1C242729BB00B8320D /* WHDebugCpuMonitor.m */ = {isa = PBXFileReference; fileEncoding = 4; lastKnownFileType = sourcecode.c.objc; path = WHDebugCpuMonitor.m; sourceTree = "<group>"; };
		CD8D3F2524272A7E00B8320D /* OttoFPSButton.h */ = {isa = PBXFileReference; fileEncoding = 4; lastKnownFileType = sourcecode.c.h; path = OttoFPSButton.h; sourceTree = "<group>"; };
		CD8D3F2624272A7E00B8320D /* OttoFPSButton.m */ = {isa = PBXFileReference; fileEncoding = 4; lastKnownFileType = sourcecode.c.objc; path = OttoFPSButton.m; sourceTree = "<group>"; };
		CDADA54024107C33005F2C81 /* TimerViewController.h */ = {isa = PBXFileReference; lastKnownFileType = sourcecode.c.h; path = TimerViewController.h; sourceTree = "<group>"; };
		CDADA54124107C33005F2C81 /* TimerViewController.m */ = {isa = PBXFileReference; lastKnownFileType = sourcecode.c.objc; path = TimerViewController.m; sourceTree = "<group>"; };
		CDADA54424108B3E005F2C81 /* CALayerViewController.h */ = {isa = PBXFileReference; lastKnownFileType = sourcecode.c.h; path = CALayerViewController.h; sourceTree = "<group>"; };
		CDADA54524108B3E005F2C81 /* CALayerViewController.m */ = {isa = PBXFileReference; lastKnownFileType = sourcecode.c.objc; path = CALayerViewController.m; sourceTree = "<group>"; };
		CDC8C02C241722F800240B04 /* GestureViewController.h */ = {isa = PBXFileReference; lastKnownFileType = sourcecode.c.h; path = GestureViewController.h; sourceTree = "<group>"; };
		CDC8C02D241722F800240B04 /* GestureViewController.m */ = {isa = PBXFileReference; lastKnownFileType = sourcecode.c.objc; path = GestureViewController.m; sourceTree = "<group>"; };
		CDC8C03F24175FF100240B04 /* AsynViewController.h */ = {isa = PBXFileReference; lastKnownFileType = sourcecode.c.h; path = AsynViewController.h; sourceTree = "<group>"; };
		CDC8C04024175FF100240B04 /* AsynViewController.m */ = {isa = PBXFileReference; lastKnownFileType = sourcecode.c.objc; path = AsynViewController.m; sourceTree = "<group>"; };
		CDC8C0422417650600240B04 /* AsyncLabel.h */ = {isa = PBXFileReference; lastKnownFileType = sourcecode.c.h; path = AsyncLabel.h; sourceTree = "<group>"; };
		CDC8C0432417650600240B04 /* AsyncLabel.m */ = {isa = PBXFileReference; lastKnownFileType = sourcecode.c.objc; path = AsyncLabel.m; sourceTree = "<group>"; };
		CDF758A32419AA390084AB5B /* NSNotificationCenter+Test.h */ = {isa = PBXFileReference; lastKnownFileType = sourcecode.c.h; path = "NSNotificationCenter+Test.h"; sourceTree = "<group>"; };
		CDF758A42419AA390084AB5B /* NSNotificationCenter+Test.m */ = {isa = PBXFileReference; lastKnownFileType = sourcecode.c.objc; path = "NSNotificationCenter+Test.m"; sourceTree = "<group>"; };
		CDF758B6241E1E9A0084AB5B /* NSString+testaa.h */ = {isa = PBXFileReference; lastKnownFileType = sourcecode.c.h; path = "NSString+testaa.h"; sourceTree = "<group>"; };
		CDF758B7241E21D20084AB5B /* NSString+testbbb.h */ = {isa = PBXFileReference; lastKnownFileType = sourcecode.c.h; path = "NSString+testbbb.h"; sourceTree = "<group>"; };
		CDF758B8241E21D20084AB5B /* NSString+testbbb.m */ = {isa = PBXFileReference; lastKnownFileType = sourcecode.c.objc; path = "NSString+testbbb.m"; sourceTree = "<group>"; };
/* End PBXFileReference section */

/* Begin PBXFrameworksBuildPhase section */
		CD5326602409F2D800043426 /* Frameworks */ = {
			isa = PBXFrameworksBuildPhase;
			buildActionMask = 2147483647;
			files = (
			);
			runOnlyForDeploymentPostprocessing = 0;
		};
		CD53267B2409F2DC00043426 /* Frameworks */ = {
			isa = PBXFrameworksBuildPhase;
			buildActionMask = 2147483647;
			files = (
			);
			runOnlyForDeploymentPostprocessing = 0;
		};
/* End PBXFrameworksBuildPhase section */

/* Begin PBXGroup section */
		CD054A03240E7466000FBD29 /* 04.block */ = {
			isa = PBXGroup;
			children = (
				CD054A04240E748A000FBD29 /* BlockViewController.h */,
				CD054A05240E748A000FBD29 /* BlockViewController.m */,
			);
			path = 04.block;
			sourceTree = "<group>";
		};
		CD2DC9DA24302BED007A8EF9 /* 12.PageScrollView */ = {
			isa = PBXGroup;
			children = (
				CD2DC9DB24302C7B007A8EF9 /* ScrollPageView.h */,
				CD2DC9DC24302C7B007A8EF9 /* ScrollPageView.m */,
				CD2DC9E124303B76007A8EF9 /* PageItemView.h */,
				CD2DC9E224303B76007A8EF9 /* PageItemView.m */,
			);
			path = 12.PageScrollView;
			sourceTree = "<group>";
		};
		CD53265A2409F2D800043426 = {
			isa = PBXGroup;
			children = (
				CD5326652409F2D800043426 /* FoundtionPractive */,
				CD5326812409F2DC00043426 /* FoundtionPractiveUITests */,
				CD5326642409F2D800043426 /* Products */,
			);
			sourceTree = "<group>";
		};
		CD5326642409F2D800043426 /* Products */ = {
			isa = PBXGroup;
			children = (
				CD5326632409F2D800043426 /* FoundtionPractive.app */,
				CD53267E2409F2DC00043426 /* FoundtionPractiveUITests.xctest */,
			);
			name = Products;
			sourceTree = "<group>";
		};
		CD5326652409F2D800043426 /* FoundtionPractive */ = {
			isa = PBXGroup;
			children = (
				CD8D3EB1242712C700B8320D /* Core */,
				CD5326982409F81300043426 /* Base */,
				CD5326902409F49E00043426 /* ViewController */,
				CD53268F2409F3E200043426 /* source */,
				CD53268E2409F3B800043426 /* appdelegate */,
				CD5326772409F2DC00043426 /* Info.plist */,
			);
			path = FoundtionPractive;
			sourceTree = "<group>";
		};
		CD5326812409F2DC00043426 /* FoundtionPractiveUITests */ = {
			isa = PBXGroup;
			children = (
				CD5326822409F2DC00043426 /* FoundtionPractiveUITests.m */,
				CD5326842409F2DC00043426 /* Info.plist */,
			);
			path = FoundtionPractiveUITests;
			sourceTree = "<group>";
		};
		CD53268E2409F3B800043426 /* appdelegate */ = {
			isa = PBXGroup;
			children = (
				CD5326782409F2DC00043426 /* main.m */,
				CD5326662409F2D800043426 /* AppDelegate.h */,
				CD5326672409F2D800043426 /* AppDelegate.m */,
				CD5326692409F2D800043426 /* SceneDelegate.h */,
				CD53266A2409F2D800043426 /* SceneDelegate.m */,
				CD53269C2409F86F00043426 /* PrefixHeader.pch */,
			);
			path = appdelegate;
			sourceTree = "<group>";
		};
		CD53268F2409F3E200043426 /* source */ = {
			isa = PBXGroup;
			children = (
				CD8D3F092427145D00B8320D /* sources */,
				CD5326722409F2DC00043426 /* Assets.xcassets */,
				CD5326742409F2DC00043426 /* LaunchScreen.storyboard */,
			);
			path = source;
			sourceTree = "<group>";
		};
		CD5326902409F49E00043426 /* ViewController */ = {
			isa = PBXGroup;
			children = (
				CD5326942409F64F00043426 /* 01.runloop */,
				CD53269D2409FE4600043426 /* 02.runtime */,
				CD53269E2409FE5300043426 /* 03.thread */,
				CD054A03240E7466000FBD29 /* 04.block */,
				CDADA53F24107C17005F2C81 /* 05.timer */,
				CDADA54324108B11005F2C81 /* 06.CALayer */,
				CD7EC7792415D562003C9A29 /* 07.NSDictionary */,
				CD7EC78624166A81003C9A29 /* 08.lock */,
				CDC8C02B241722D500240B04 /* 09.gesture */,
				CDC8C03E24175FC200240B04 /* 10.AsynDisplay */,
				CD8D3F05242712E200B8320D /* 11.Image */,
				CD2DC9DA24302BED007A8EF9 /* 12.PageScrollView */,
				CD5326912409F4BD00043426 /* MainViewController.h */,
				CD5326922409F4BD00043426 /* MainViewController.m */,
				CD5326CF240AA8A500043426 /* CustomUIView.h */,
				CD5326D0240AA8A500043426 /* CustomUIView.m */,
			);
			path = ViewController;
			sourceTree = "<group>";
		};
		CD5326942409F64F00043426 /* 01.runloop */ = {
			isa = PBXGroup;
			children = (
				CDF758A32419AA390084AB5B /* NSNotificationCenter+Test.h */,
				CDF758A42419AA390084AB5B /* NSNotificationCenter+Test.m */,
				CD5326952409F69200043426 /* RunloopViewController.h */,
				CD5326962409F69200043426 /* RunloopViewController.m */,
				CD5326A2240A329100043426 /* WeakTimer.h */,
				CD5326A3240A329100043426 /* WeakTimer.m */,
			);
			path = 01.runloop;
			sourceTree = "<group>";
		};
		CD5326982409F81300043426 /* Base */ = {
			isa = PBXGroup;
			children = (
				CD2DC9DE24302D68007A8EF9 /* UIColor+YSTurnRGB.h */,
				CD2DC9DF24302D68007A8EF9 /* UIColor+YSTurnRGB.m */,
				CD53269A2409F82700043426 /* UIView+YSLayout.h */,
				CD5326992409F82700043426 /* UIView+YSLayout.m */,
			);
			path = Base;
			sourceTree = "<group>";
		};
		CD53269D2409FE4600043426 /* 02.runtime */ = {
			isa = PBXGroup;
			children = (
				CD5326C4240A804D00043426 /* Xiaoming+BBBBBBB.h */,
				CD5326C3240A804D00043426 /* Xiaoming+BBBBBBB.m */,
				CD5326C6240A804D00043426 /* Xiaoming+CCCCCC.h */,
				CD5326C5240A804D00043426 /* Xiaoming+CCCCCC.m */,
				CD5326BA240A7E0100043426 /* Xiaoming+AAAAA.h */,
				CD5326BD240A7E0200043426 /* Xiaoming+AAAAA.m */,
				CD5326A8240A53D800043426 /* Person.h */,
				CD5326A9240A53D800043426 /* Person.m */,
				CD5326AB240A53EC00043426 /* Xiaoming.h */,
				CD5326AC240A53EC00043426 /* Xiaoming.m */,
				CD5326AE240A665300043426 /* NSString+AAAA.h */,
				CD5326AF240A665300043426 /* NSString+AAAA.m */,
				CD5326B1240A66E400043426 /* NSString+BBBBBBB.h */,
				CD5326B2240A66E400043426 /* NSString+BBBBBBB.m */,
				CD5326A5240A537000043426 /* RunTimeViewController.h */,
				CD5326A6240A537000043426 /* RunTimeViewController.m */,
				CD5326D2240BAAAB00043426 /* NSString+ExtString.h */,
				CD8D3EAE2426FE7E00B8320D /* TestViewModel2.h */,
				CD8D3EAF2426FE7E00B8320D /* TestViewModel2.m */,
			);
			path = 02.runtime;
			sourceTree = "<group>";
		};
		CD53269E2409FE5300043426 /* 03.thread */ = {
			isa = PBXGroup;
			children = (
				CD53269F240A1AF400043426 /* GCDViewController.h */,
				CD5326A0240A1AF400043426 /* GCDViewController.m */,
				CD5326CC240A927F00043426 /* NSOperationViewController.h */,
				CD5326CD240A927F00043426 /* NSOperationViewController.m */,
			);
			path = 03.thread;
			sourceTree = "<group>";
		};
		CD7EC7792415D562003C9A29 /* 07.NSDictionary */ = {
			isa = PBXGroup;
			children = (
				CD7EC77A2415D5CE003C9A29 /* DictionaryViewController.h */,
				CD7EC77B2415D5CE003C9A29 /* DictionaryViewController.m */,
				CD7EC77D2415D782003C9A29 /* ParentObj.h */,
				CD7EC77E2415D782003C9A29 /* ParentObj.m */,
				CD7EC783241658C1003C9A29 /* SonObject.h */,
				CD7EC784241658C1003C9A29 /* SonObject.m */,
				CDF758B6241E1E9A0084AB5B /* NSString+testaa.h */,
				CDF758B7241E21D20084AB5B /* NSString+testbbb.h */,
				CDF758B8241E21D20084AB5B /* NSString+testbbb.m */,
			);
			path = 07.NSDictionary;
			sourceTree = "<group>";
		};
		CD7EC78624166A81003C9A29 /* 08.lock */ = {
			isa = PBXGroup;
			children = (
				CD7EC78724166A9A003C9A29 /* LockViewController.h */,
				CD7EC78824166A9A003C9A29 /* LockViewController.m */,
			);
			path = 08.lock;
			sourceTree = "<group>";
		};
		CD8D3EB1242712C700B8320D /* Core */ = {
			isa = PBXGroup;
			children = (
				CD8D3F2424272A7E00B8320D /* OttoFPSButton */,
				CD8D3F0E242729BB00B8320D /* WHDebugTool */,
				CD8D3EB2242712C700B8320D /* SDWebImage */,
			);
			path = Core;
			sourceTree = "<group>";
		};
		CD8D3EB2242712C700B8320D /* SDWebImage */ = {
			isa = PBXGroup;
			children = (
				CD8D3F0D24271B3100B8320D /* foundation */,
				CD8D3F0C2427155200B8320D /* top */,
				CD8D3EB3242712C700B8320D /* SDAnimatedImageRep.h */,
				CD8D3EB4242712C700B8320D /* NSButton+WebCache.h */,
				CD8D3EB5242712C700B8320D /* SDWebImageCoder.h */,
				CD8D3EB6242712C700B8320D /* NSImage+WebCache.h */,
				CD8D3EB8242712C700B8320D /* NSData+ImageContentType.h */,
				CD8D3EB9242712C700B8320D /* SDWebImageTransition.h */,
				CD8D3EBA242712C700B8320D /* SDWebImageManager.m */,
				CD8D3EBB242712C700B8320D /* SDWebImageDownloaderOperation.h */,
				CD8D3EBC242712C700B8320D /* UIImageView+HighlightedWebCache.m */,
				CD8D3EBD242712C700B8320D /* SDWebImageFrame.m */,
				CD8D3EBF242712C700B8320D /* UIImage+ForceDecode.m */,
				CD8D3EC0242712C700B8320D /* SDImageCacheConfig.h */,
				CD8D3EC1242712C700B8320D /* SDWebImageCodersManager.m */,
				CD8D3EC2242712C700B8320D /* UIImage+MemoryCacheCost.h */,
				CD8D3EC3242712C700B8320D /* SDWebImageDownloader.m */,
				CD8D3EC4242712C700B8320D /* SDWebImageGIFCoder.h */,
				CD8D3EC5242712C700B8320D /* UIImage+GIF.m */,
				CD8D3EC6242712C700B8320D /* UIButton+WebCache.h */,
				CD8D3EC7242712C700B8320D /* UIImage+MultiFormat.m */,
				CD8D3EC8242712C700B8320D /* SDWebImageCoderHelper.m */,
				CD8D3EC9242712C700B8320D /* SDWebImageCompat.m */,
				CD8D3ECA242712C700B8320D /* SDWebImageImageIOCoder.h */,
				CD8D3ECB242712C700B8320D /* SDWebImagePrefetcher.m */,
				CD8D3ECC242712C700B8320D /* UIView+WebCache.h */,
				CD8D3ECD242712C700B8320D /* UIView+WebCacheOperation.h */,
				CD8D3ECE242712C700B8320D /* SDWebImageCoder.m */,
				CD8D3ECF242712C700B8320D /* NSButton+WebCache.m */,
				CD8D3ED0242712C700B8320D /* SDAnimatedImageRep.m */,
				CD8D3ED2242712C700B8320D /* SDWebImageFrame.h */,
				CD8D3ED3242712C700B8320D /* UIImageView+HighlightedWebCache.h */,
				CD8D3ED4242712C700B8320D /* SDWebImageDownloaderOperation.m */,
				CD8D3ED5242712C700B8320D /* SDWebImageTransition.m */,
				CD8D3ED6242712C700B8320D /* SDWebImageManager.h */,
				CD8D3ED7242712C700B8320D /* NSData+ImageContentType.m */,
				CD8D3ED9242712C700B8320D /* SDWebImageOperation.h */,
				CD8D3EDA242712C700B8320D /* NSImage+WebCache.m */,
				CD8D3EDB242712C700B8320D /* SDWebImageGIFCoder.m */,
				CD8D3EDC242712C700B8320D /* SDWebImageDownloader.h */,
				CD8D3EDD242712C700B8320D /* UIImage+MemoryCacheCost.m */,
				CD8D3EDE242712C700B8320D /* SDImageCacheConfig.m */,
				CD8D3EDF242712C700B8320D /* SDWebImageCodersManager.h */,
				CD8D3EE0242712C700B8320D /* UIImage+ForceDecode.h */,
				CD8D3EE1242712C700B8320D /* UIView+WebCacheOperation.m */,
				CD8D3EE2242712C700B8320D /* UIView+WebCache.m */,
				CD8D3EE3242712C700B8320D /* SDWebImagePrefetcher.h */,
				CD8D3EE4242712C700B8320D /* SDWebImageImageIOCoder.m */,
				CD8D3EE5242712C700B8320D /* SDWebImageCompat.h */,
				CD8D3EE6242712C700B8320D /* SDWebImageCoderHelper.h */,
				CD8D3EE7242712C700B8320D /* UIImage+MultiFormat.h */,
				CD8D3EE8242712C700B8320D /* UIButton+WebCache.m */,
				CD8D3EE9242712C700B8320D /* UIImage+GIF.h */,
			);
			path = SDWebImage;
			sourceTree = "<group>";
		};
		CD8D3F05242712E200B8320D /* 11.Image */ = {
			isa = PBXGroup;
			children = (
				CD8D3F06242712FF00B8320D /* ImageViewController.h */,
				CD8D3F07242712FF00B8320D /* ImageViewController.m */,
			);
			path = 11.Image;
			sourceTree = "<group>";
		};
		CD8D3F092427145D00B8320D /* sources */ = {
			isa = PBXGroup;
			children = (
				CD8D3F0A2427145D00B8320D /* placeholder@3x.png */,
			);
			path = sources;
			sourceTree = "<group>";
		};
		CD8D3F0C2427155200B8320D /* top */ = {
			isa = PBXGroup;
			children = (
				CD8D3EB7242712C700B8320D /* UIImageView+WebCache.h */,
				CD8D3ED8242712C700B8320D /* UIImageView+WebCache.m */,
			);
			path = top;
			sourceTree = "<group>";
		};
		CD8D3F0D24271B3100B8320D /* foundation */ = {
			isa = PBXGroup;
			children = (
				CD8D3EBE242712C700B8320D /* SDImageCache.h */,
				CD8D3ED1242712C700B8320D /* SDImageCache.m */,
			);
			path = foundation;
			sourceTree = "<group>";
		};
		CD8D3F0E242729BB00B8320D /* WHDebugTool */ = {
			isa = PBXGroup;
			children = (
				CD8D3F0F242729BB00B8320D /* WHDebugTempVC.h */,
				CD8D3F10242729BB00B8320D /* WHDebugToolManager.m */,
				CD8D3F11242729BB00B8320D /* WHDebugConsoleLabel.h */,
				CD8D3F12242729BB00B8320D /* WHDebugMemoryMonitor.h */,
				CD8D3F13242729BB00B8320D /* WHDebugFPSMonitor.h */,
				CD8D3F14242729BB00B8320D /* WHDebugMonitor.h */,
				CD8D3F15242729BB00B8320D /* WHDebugCpuMonitor.h */,
				CD8D3F16242729BB00B8320D /* WHDebugToolManager.h */,
				CD8D3F17242729BB00B8320D /* WHDebugTempVC.m */,
				CD8D3F18242729BB00B8320D /* WHDebugFPSMonitor.m */,
				CD8D3F19242729BB00B8320D /* WHDebugMemoryMonitor.m */,
				CD8D3F1A242729BB00B8320D /* WHDebugConsoleLabel.m */,
				CD8D3F1B242729BB00B8320D /* WHDebugMonitor.m */,
				CD8D3F1C242729BB00B8320D /* WHDebugCpuMonitor.m */,
			);
			path = WHDebugTool;
			sourceTree = "<group>";
		};
		CD8D3F2424272A7E00B8320D /* OttoFPSButton */ = {
			isa = PBXGroup;
			children = (
				CD8D3F2524272A7E00B8320D /* OttoFPSButton.h */,
				CD8D3F2624272A7E00B8320D /* OttoFPSButton.m */,
			);
			path = OttoFPSButton;
			sourceTree = "<group>";
		};
		CDADA53F24107C17005F2C81 /* 05.timer */ = {
			isa = PBXGroup;
			children = (
				CDADA54024107C33005F2C81 /* TimerViewController.h */,
				CDADA54124107C33005F2C81 /* TimerViewController.m */,
			);
			path = 05.timer;
			sourceTree = "<group>";
		};
		CDADA54324108B11005F2C81 /* 06.CALayer */ = {
			isa = PBXGroup;
			children = (
				CDADA54424108B3E005F2C81 /* CALayerViewController.h */,
				CDADA54524108B3E005F2C81 /* CALayerViewController.m */,
			);
			path = 06.CALayer;
			sourceTree = "<group>";
		};
		CDC8C02B241722D500240B04 /* 09.gesture */ = {
			isa = PBXGroup;
			children = (
				CDC8C02C241722F800240B04 /* GestureViewController.h */,
				CDC8C02D241722F800240B04 /* GestureViewController.m */,
			);
			path = 09.gesture;
			sourceTree = "<group>";
		};
		CDC8C03E24175FC200240B04 /* 10.AsynDisplay */ = {
			isa = PBXGroup;
			children = (
				CDC8C03F24175FF100240B04 /* AsynViewController.h */,
				CDC8C04024175FF100240B04 /* AsynViewController.m */,
				CDC8C0422417650600240B04 /* AsyncLabel.h */,
				CDC8C0432417650600240B04 /* AsyncLabel.m */,
			);
			path = 10.AsynDisplay;
			sourceTree = "<group>";
		};
/* End PBXGroup section */

/* Begin PBXNativeTarget section */
		CD5326622409F2D800043426 /* FoundtionPractive */ = {
			isa = PBXNativeTarget;
			buildConfigurationList = CD5326872409F2DC00043426 /* Build configuration list for PBXNativeTarget "FoundtionPractive" */;
			buildPhases = (
				CD53265F2409F2D800043426 /* Sources */,
				CD5326602409F2D800043426 /* Frameworks */,
				CD5326612409F2D800043426 /* Resources */,
			);
			buildRules = (
			);
			dependencies = (
			);
			name = FoundtionPractive;
			productName = FoundtionPractive;
			productReference = CD5326632409F2D800043426 /* FoundtionPractive.app */;
			productType = "com.apple.product-type.application";
		};
		CD53267D2409F2DC00043426 /* FoundtionPractiveUITests */ = {
			isa = PBXNativeTarget;
			buildConfigurationList = CD53268A2409F2DC00043426 /* Build configuration list for PBXNativeTarget "FoundtionPractiveUITests" */;
			buildPhases = (
				CD53267A2409F2DC00043426 /* Sources */,
				CD53267B2409F2DC00043426 /* Frameworks */,
				CD53267C2409F2DC00043426 /* Resources */,
			);
			buildRules = (
			);
			dependencies = (
				CD5326802409F2DC00043426 /* PBXTargetDependency */,
			);
			name = FoundtionPractiveUITests;
			productName = FoundtionPractiveUITests;
			productReference = CD53267E2409F2DC00043426 /* FoundtionPractiveUITests.xctest */;
			productType = "com.apple.product-type.bundle.ui-testing";
		};
/* End PBXNativeTarget section */

/* Begin PBXProject section */
		CD53265B2409F2D800043426 /* Project object */ = {
			isa = PBXProject;
			attributes = {
				LastUpgradeCheck = 1120;
				ORGANIZATIONNAME = wch;
				TargetAttributes = {
					CD5326622409F2D800043426 = {
						CreatedOnToolsVersion = 11.2.1;
					};
					CD53267D2409F2DC00043426 = {
						CreatedOnToolsVersion = 11.2.1;
						TestTargetID = CD5326622409F2D800043426;
					};
				};
			};
			buildConfigurationList = CD53265E2409F2D800043426 /* Build configuration list for PBXProject "FoundtionPractive" */;
			compatibilityVersion = "Xcode 9.3";
			developmentRegion = en;
			hasScannedForEncodings = 0;
			knownRegions = (
				en,
				Base,
			);
			mainGroup = CD53265A2409F2D800043426;
			productRefGroup = CD5326642409F2D800043426 /* Products */;
			projectDirPath = "";
			projectRoot = "";
			targets = (
				CD5326622409F2D800043426 /* FoundtionPractive */,
				CD53267D2409F2DC00043426 /* FoundtionPractiveUITests */,
			);
		};
/* End PBXProject section */

/* Begin PBXResourcesBuildPhase section */
		CD5326612409F2D800043426 /* Resources */ = {
			isa = PBXResourcesBuildPhase;
			buildActionMask = 2147483647;
			files = (
				CD8D3F0B2427145D00B8320D /* placeholder@3x.png in Resources */,
				CD5326762409F2DC00043426 /* LaunchScreen.storyboard in Resources */,
				CD5326732409F2DC00043426 /* Assets.xcassets in Resources */,
			);
			runOnlyForDeploymentPostprocessing = 0;
		};
		CD53267C2409F2DC00043426 /* Resources */ = {
			isa = PBXResourcesBuildPhase;
			buildActionMask = 2147483647;
			files = (
			);
			runOnlyForDeploymentPostprocessing = 0;
		};
/* End PBXResourcesBuildPhase section */

/* Begin PBXSourcesBuildPhase section */
		CD53265F2409F2D800043426 /* Sources */ = {
			isa = PBXSourcesBuildPhase;
			buildActionMask = 2147483647;
			files = (
				CD53269B2409F82700043426 /* UIView+YSLayout.m in Sources */,
				CD8D3EEA242712C700B8320D /* SDWebImageManager.m in Sources */,
				CD8D3F23242729BC00B8320D /* WHDebugCpuMonitor.m in Sources */,
				CD8D3F02242712C700B8320D /* UIView+WebCache.m in Sources */,
				CD5326B0240A665300043426 /* NSString+AAAA.m in Sources */,
				CD5326B3240A66E400043426 /* NSString+BBBBBBB.m in Sources */,
				CD8D3EFA242712C700B8320D /* SDWebImageTransition.m in Sources */,
				CD5326D1240AA8A500043426 /* CustomUIView.m in Sources */,
				CD8D3EFE242712C700B8320D /* SDWebImageGIFCoder.m in Sources */,
				CD5326682409F2D800043426 /* AppDelegate.m in Sources */,
				CD8D3EEB242712C700B8320D /* UIImageView+HighlightedWebCache.m in Sources */,
				CD8D3EFD242712C700B8320D /* NSImage+WebCache.m in Sources */,
				CD8D3EF9242712C700B8320D /* SDWebImageDownloaderOperation.m in Sources */,
				CD8D3EF2242712C700B8320D /* SDWebImageCoderHelper.m in Sources */,
				CD8D3EFF242712C700B8320D /* UIImage+MemoryCacheCost.m in Sources */,
				CD8D3EF6242712C700B8320D /* NSButton+WebCache.m in Sources */,
				CD2DC9E024302D68007A8EF9 /* UIColor+YSTurnRGB.m in Sources */,
				CD8D3EFB242712C700B8320D /* NSData+ImageContentType.m in Sources */,
				CD8D3EEC242712C700B8320D /* SDWebImageFrame.m in Sources */,
				CD5326AA240A53D800043426 /* Person.m in Sources */,
				CD5326A7240A537000043426 /* RunTimeViewController.m in Sources */,
				CD5326792409F2DC00043426 /* main.m in Sources */,
				CD8D3EF7242712C700B8320D /* SDAnimatedImageRep.m in Sources */,
				CD5326972409F69200043426 /* RunloopViewController.m in Sources */,
				CD8D3EEF242712C700B8320D /* SDWebImageDownloader.m in Sources */,
				CD8D3F1E242729BC00B8320D /* WHDebugTempVC.m in Sources */,
				CD8D3EF1242712C700B8320D /* UIImage+MultiFormat.m in Sources */,
				CD8D3EF4242712C700B8320D /* SDWebImagePrefetcher.m in Sources */,
				CD7EC78924166A9A003C9A29 /* LockViewController.m in Sources */,
				CD5326AD240A53EC00043426 /* Xiaoming.m in Sources */,
				CD8D3F04242712C700B8320D /* UIButton+WebCache.m in Sources */,
				CD7EC77F2415D782003C9A29 /* ParentObj.m in Sources */,
				CD8D3EF0242712C700B8320D /* UIImage+GIF.m in Sources */,
				CD8D3F03242712C700B8320D /* SDWebImageImageIOCoder.m in Sources */,
				CD8D3EEE242712C700B8320D /* SDWebImageCodersManager.m in Sources */,
				CD2DC9DD24302C7B007A8EF9 /* ScrollPageView.m in Sources */,
				CD054A06240E748A000FBD29 /* BlockViewController.m in Sources */,
				CD5326A1240A1AF400043426 /* GCDViewController.m in Sources */,
				CD8D3EF8242712C700B8320D /* SDImageCache.m in Sources */,
				CDADA54224107C33005F2C81 /* TimerViewController.m in Sources */,
				CDC8C04124175FF100240B04 /* AsynViewController.m in Sources */,
				CD8D3F22242729BC00B8320D /* WHDebugMonitor.m in Sources */,
				CD5326CE240A927F00043426 /* NSOperationViewController.m in Sources */,
				CD8D3EFC242712C700B8320D /* UIImageView+WebCache.m in Sources */,
				CD5326BF240A7E0200043426 /* Xiaoming+AAAAA.m in Sources */,
				CD8D3F21242729BC00B8320D /* WHDebugConsoleLabel.m in Sources */,
				CD8D3F2724272A7E00B8320D /* OttoFPSButton.m in Sources */,
				CD8D3F01242712C700B8320D /* UIView+WebCacheOperation.m in Sources */,
				CD2DC9E324303B76007A8EF9 /* PageItemView.m in Sources */,
				CD8D3F00242712C700B8320D /* SDImageCacheConfig.m in Sources */,
				CD5326C7240A804D00043426 /* Xiaoming+BBBBBBB.m in Sources */,
				CDADA54624108B3E005F2C81 /* CALayerViewController.m in Sources */,
				CD8D3EED242712C700B8320D /* UIImage+ForceDecode.m in Sources */,
				CD5326C8240A804D00043426 /* Xiaoming+CCCCCC.m in Sources */,
				CD8D3EF5242712C700B8320D /* SDWebImageCoder.m in Sources */,
				CD53266B2409F2D800043426 /* SceneDelegate.m in Sources */,
				CD8D3F08242712FF00B8320D /* ImageViewController.m in Sources */,
				CDF758A52419AA390084AB5B /* NSNotificationCenter+Test.m in Sources */,
				CD5326932409F4BD00043426 /* MainViewController.m in Sources */,
				CDC8C02E241722F800240B04 /* GestureViewController.m in Sources */,
				CD8D3EB02426FE7E00B8320D /* TestViewModel2.m in Sources */,
				CD7EC785241658C1003C9A29 /* SonObject.m in Sources */,
				CD8D3F20242729BC00B8320D /* WHDebugMemoryMonitor.m in Sources */,
				CD8D3F1D242729BC00B8320D /* WHDebugToolManager.m in Sources */,
				CDF758B9241E21D20084AB5B /* NSString+testbbb.m in Sources */,
				CDC8C0442417650600240B04 /* AsyncLabel.m in Sources */,
				CD7EC77C2415D5CE003C9A29 /* DictionaryViewController.m in Sources */,
				CD8D3F1F242729BC00B8320D /* WHDebugFPSMonitor.m in Sources */,
				CD8D3EF3242712C700B8320D /* SDWebImageCompat.m in Sources */,
				CD5326A4240A329100043426 /* WeakTimer.m in Sources */,
			);
			runOnlyForDeploymentPostprocessing = 0;
		};
		CD53267A2409F2DC00043426 /* Sources */ = {
			isa = PBXSourcesBuildPhase;
			buildActionMask = 2147483647;
			files = (
				CD5326832409F2DC00043426 /* FoundtionPractiveUITests.m in Sources */,
			);
			runOnlyForDeploymentPostprocessing = 0;
		};
/* End PBXSourcesBuildPhase section */

/* Begin PBXTargetDependency section */
		CD5326802409F2DC00043426 /* PBXTargetDependency */ = {
			isa = PBXTargetDependency;
			target = CD5326622409F2D800043426 /* FoundtionPractive */;
			targetProxy = CD53267F2409F2DC00043426 /* PBXContainerItemProxy */;
		};
/* End PBXTargetDependency section */

/* Begin PBXVariantGroup section */
		CD5326742409F2DC00043426 /* LaunchScreen.storyboard */ = {
			isa = PBXVariantGroup;
			children = (
				CD5326752409F2DC00043426 /* Base */,
			);
			name = LaunchScreen.storyboard;
			sourceTree = "<group>";
		};
/* End PBXVariantGroup section */

/* Begin XCBuildConfiguration section */
		CD5326852409F2DC00043426 /* Debug */ = {
			isa = XCBuildConfiguration;
			buildSettings = {
				ALWAYS_SEARCH_USER_PATHS = NO;
				CLANG_ANALYZER_NONNULL = YES;
				CLANG_ANALYZER_NUMBER_OBJECT_CONVERSION = YES_AGGRESSIVE;
				CLANG_CXX_LANGUAGE_STANDARD = "gnu++14";
				CLANG_CXX_LIBRARY = "libc++";
				CLANG_ENABLE_MODULES = YES;
				CLANG_ENABLE_OBJC_ARC = YES;
				CLANG_ENABLE_OBJC_WEAK = YES;
				CLANG_WARN_BLOCK_CAPTURE_AUTORELEASING = YES;
				CLANG_WARN_BOOL_CONVERSION = YES;
				CLANG_WARN_COMMA = YES;
				CLANG_WARN_CONSTANT_CONVERSION = YES;
				CLANG_WARN_DEPRECATED_OBJC_IMPLEMENTATIONS = YES;
				CLANG_WARN_DIRECT_OBJC_ISA_USAGE = YES_ERROR;
				CLANG_WARN_DOCUMENTATION_COMMENTS = YES;
				CLANG_WARN_EMPTY_BODY = YES;
				CLANG_WARN_ENUM_CONVERSION = YES;
				CLANG_WARN_INFINITE_RECURSION = YES;
				CLANG_WARN_INT_CONVERSION = YES;
				CLANG_WARN_NON_LITERAL_NULL_CONVERSION = YES;
				CLANG_WARN_OBJC_IMPLICIT_RETAIN_SELF = YES;
				CLANG_WARN_OBJC_LITERAL_CONVERSION = YES;
				CLANG_WARN_OBJC_ROOT_CLASS = YES_ERROR;
				CLANG_WARN_RANGE_LOOP_ANALYSIS = YES;
				CLANG_WARN_STRICT_PROTOTYPES = YES;
				CLANG_WARN_SUSPICIOUS_MOVE = YES;
				CLANG_WARN_UNGUARDED_AVAILABILITY = YES_AGGRESSIVE;
				CLANG_WARN_UNREACHABLE_CODE = YES;
				CLANG_WARN__DUPLICATE_METHOD_MATCH = YES;
				COPY_PHASE_STRIP = NO;
				DEBUG_INFORMATION_FORMAT = dwarf;
				ENABLE_STRICT_OBJC_MSGSEND = NO;
				ENABLE_TESTABILITY = YES;
				GCC_C_LANGUAGE_STANDARD = gnu11;
				GCC_DYNAMIC_NO_PIC = NO;
				GCC_NO_COMMON_BLOCKS = YES;
				GCC_OPTIMIZATION_LEVEL = 0;
				GCC_PRECOMPILE_PREFIX_HEADER = YES;
				GCC_PREPROCESSOR_DEFINITIONS = (
					"DEBUG=1",
					"$(inherited)",
				);
				GCC_WARN_64_TO_32_BIT_CONVERSION = YES;
				GCC_WARN_ABOUT_RETURN_TYPE = YES_ERROR;
				GCC_WARN_UNDECLARED_SELECTOR = YES;
				GCC_WARN_UNINITIALIZED_AUTOS = YES_AGGRESSIVE;
				GCC_WARN_UNUSED_FUNCTION = YES;
				GCC_WARN_UNUSED_VARIABLE = YES;
				IPHONEOS_DEPLOYMENT_TARGET = 13.2;
				MTL_ENABLE_DEBUG_INFO = INCLUDE_SOURCE;
				MTL_FAST_MATH = YES;
				ONLY_ACTIVE_ARCH = YES;
				SDKROOT = iphoneos;
			};
			name = Debug;
		};
		CD5326862409F2DC00043426 /* Release */ = {
			isa = XCBuildConfiguration;
			buildSettings = {
				ALWAYS_SEARCH_USER_PATHS = NO;
				CLANG_ANALYZER_NONNULL = YES;
				CLANG_ANALYZER_NUMBER_OBJECT_CONVERSION = YES_AGGRESSIVE;
				CLANG_CXX_LANGUAGE_STANDARD = "gnu++14";
				CLANG_CXX_LIBRARY = "libc++";
				CLANG_ENABLE_MODULES = YES;
				CLANG_ENABLE_OBJC_ARC = YES;
				CLANG_ENABLE_OBJC_WEAK = YES;
				CLANG_WARN_BLOCK_CAPTURE_AUTORELEASING = YES;
				CLANG_WARN_BOOL_CONVERSION = YES;
				CLANG_WARN_COMMA = YES;
				CLANG_WARN_CONSTANT_CONVERSION = YES;
				CLANG_WARN_DEPRECATED_OBJC_IMPLEMENTATIONS = YES;
				CLANG_WARN_DIRECT_OBJC_ISA_USAGE = YES_ERROR;
				CLANG_WARN_DOCUMENTATION_COMMENTS = YES;
				CLANG_WARN_EMPTY_BODY = YES;
				CLANG_WARN_ENUM_CONVERSION = YES;
				CLANG_WARN_INFINITE_RECURSION = YES;
				CLANG_WARN_INT_CONVERSION = YES;
				CLANG_WARN_NON_LITERAL_NULL_CONVERSION = YES;
				CLANG_WARN_OBJC_IMPLICIT_RETAIN_SELF = YES;
				CLANG_WARN_OBJC_LITERAL_CONVERSION = YES;
				CLANG_WARN_OBJC_ROOT_CLASS = YES_ERROR;
				CLANG_WARN_RANGE_LOOP_ANALYSIS = YES;
				CLANG_WARN_STRICT_PROTOTYPES = YES;
				CLANG_WARN_SUSPICIOUS_MOVE = YES;
				CLANG_WARN_UNGUARDED_AVAILABILITY = YES_AGGRESSIVE;
				CLANG_WARN_UNREACHABLE_CODE = YES;
				CLANG_WARN__DUPLICATE_METHOD_MATCH = YES;
				COPY_PHASE_STRIP = NO;
				DEBUG_INFORMATION_FORMAT = "dwarf-with-dsym";
				ENABLE_NS_ASSERTIONS = NO;
				ENABLE_STRICT_OBJC_MSGSEND = NO;
				GCC_C_LANGUAGE_STANDARD = gnu11;
				GCC_NO_COMMON_BLOCKS = YES;
				GCC_PRECOMPILE_PREFIX_HEADER = YES;
				GCC_WARN_64_TO_32_BIT_CONVERSION = YES;
				GCC_WARN_ABOUT_RETURN_TYPE = YES_ERROR;
				GCC_WARN_UNDECLARED_SELECTOR = YES;
				GCC_WARN_UNINITIALIZED_AUTOS = YES_AGGRESSIVE;
				GCC_WARN_UNUSED_FUNCTION = YES;
				GCC_WARN_UNUSED_VARIABLE = YES;
				IPHONEOS_DEPLOYMENT_TARGET = 13.2;
				MTL_ENABLE_DEBUG_INFO = NO;
				MTL_FAST_MATH = YES;
				SDKROOT = iphoneos;
				VALIDATE_PRODUCT = YES;
			};
			name = Release;
		};
		CD5326882409F2DC00043426 /* Debug */ = {
			isa = XCBuildConfiguration;
			buildSettings = {
				ASSETCATALOG_COMPILER_APPICON_NAME = AppIcon;
				CODE_SIGN_STYLE = Automatic;
				DEVELOPMENT_TEAM = 8QJHR7VGN4;
				GCC_PRECOMPILE_PREFIX_HEADER = YES;
				GCC_PREFIX_HEADER = "$(SRCROOT)/FoundtionPractive/appdelegate/PrefixHeader.pch";
				INFOPLIST_FILE = FoundtionPractive/Info.plist;
				LD_RUNPATH_SEARCH_PATHS = (
					"$(inherited)",
					"@executable_path/Frameworks",
				);
				PRODUCT_BUNDLE_IDENTIFIER = com.apuray.FoundtionPractive;
				PRODUCT_NAME = "$(TARGET_NAME)";
				TARGETED_DEVICE_FAMILY = "1,2";
			};
			name = Debug;
		};
		CD5326892409F2DC00043426 /* Release */ = {
			isa = XCBuildConfiguration;
			buildSettings = {
				ASSETCATALOG_COMPILER_APPICON_NAME = AppIcon;
				CODE_SIGN_STYLE = Automatic;
				DEVELOPMENT_TEAM = 8QJHR7VGN4;
				GCC_PRECOMPILE_PREFIX_HEADER = YES;
				GCC_PREFIX_HEADER = "$(SRCROOT)/FoundtionPractive/appdelegate/PrefixHeader.pch";
				INFOPLIST_FILE = FoundtionPractive/Info.plist;
				LD_RUNPATH_SEARCH_PATHS = (
					"$(inherited)",
					"@executable_path/Frameworks",
				);
				PRODUCT_BUNDLE_IDENTIFIER = com.apuray.FoundtionPractive;
				PRODUCT_NAME = "$(TARGET_NAME)";
				TARGETED_DEVICE_FAMILY = "1,2";
			};
			name = Release;
		};
		CD53268B2409F2DC00043426 /* Debug */ = {
			isa = XCBuildConfiguration;
			buildSettings = {
				CODE_SIGN_STYLE = Automatic;
				INFOPLIST_FILE = FoundtionPractiveUITests/Info.plist;
				LD_RUNPATH_SEARCH_PATHS = (
					"$(inherited)",
					"@executable_path/Frameworks",
					"@loader_path/Frameworks",
				);
				PRODUCT_BUNDLE_IDENTIFIER = com.apuray.FoundtionPractiveUITests;
				PRODUCT_NAME = "$(TARGET_NAME)";
				TARGETED_DEVICE_FAMILY = "1,2";
				TEST_TARGET_NAME = FoundtionPractive;
			};
			name = Debug;
		};
		CD53268C2409F2DC00043426 /* Release */ = {
			isa = XCBuildConfiguration;
			buildSettings = {
				CODE_SIGN_STYLE = Automatic;
				INFOPLIST_FILE = FoundtionPractiveUITests/Info.plist;
				LD_RUNPATH_SEARCH_PATHS = (
					"$(inherited)",
					"@executable_path/Frameworks",
					"@loader_path/Frameworks",
				);
				PRODUCT_BUNDLE_IDENTIFIER = com.apuray.FoundtionPractiveUITests;
				PRODUCT_NAME = "$(TARGET_NAME)";
				TARGETED_DEVICE_FAMILY = "1,2";
				TEST_TARGET_NAME = FoundtionPractive;
			};
			name = Release;
		};
/* End XCBuildConfiguration section */

/* Begin XCConfigurationList section */
		CD53265E2409F2D800043426 /* Build configuration list for PBXProject "FoundtionPractive" */ = {
			isa = XCConfigurationList;
			buildConfigurations = (
				CD5326852409F2DC00043426 /* Debug */,
				CD5326862409F2DC00043426 /* Release */,
			);
			defaultConfigurationIsVisible = 0;
			defaultConfigurationName = Release;
		};
		CD5326872409F2DC00043426 /* Build configuration list for PBXNativeTarget "FoundtionPractive" */ = {
			isa = XCConfigurationList;
			buildConfigurations = (
				CD5326882409F2DC00043426 /* Debug */,
				CD5326892409F2DC00043426 /* Release */,
			);
			defaultConfigurationIsVisible = 0;
			defaultConfigurationName = Release;
		};
		CD53268A2409F2DC00043426 /* Build configuration list for PBXNativeTarget "FoundtionPractiveUITests" */ = {
			isa = XCConfigurationList;
			buildConfigurations = (
				CD53268B2409F2DC00043426 /* Debug */,
				CD53268C2409F2DC00043426 /* Release */,
			);
			defaultConfigurationIsVisible = 0;
			defaultConfigurationName = Release;
		};
/* End XCConfigurationList section */
	};
	rootObject = CD53265B2409F2D800043426 /* Project object */;
}
