// !$*UTF8*$!
{
	archiveVersion = 1;
	classes = {
	};
	objectVersion = 50;
	objects = {

/* Begin PBXBuildFile section */
		CD054A06240E748A000FBD29 /* BlockViewController.m in Sources */ = {isa = PBXBuildFile; fileRef = CD054A05240E748A000FBD29 /* BlockViewController.m */; };
		CD5326682409F2D800043426 /* AppDelegate.m in Sources */ = {isa = PBXBuildFile; fileRef = CD5326672409F2D800043426 /* AppDelegate.m */; };
		CD53266B2409F2D800043426 /* SceneDelegate.m in Sources */ = {isa = PBXBuildFile; fileRef = CD53266A2409F2D800043426 /* SceneDelegate.m */; };
		CD5326732409F2DC00043426 /* Assets.xcassets in Resources */ = {isa = PBXBuildFile; fileRef = CD5326722409F2DC00043426 /* Assets.xcassets */; };
		CD5326762409F2DC00043426 /* LaunchScreen.storyboard in Resources */ = {isa = PBXBuildFile; fileRef = CD5326742409F2DC00043426 /* LaunchScreen.storyboard */; };
		CD5326792409F2DC00043426 /* main.m in Sources */ = {isa = PBXBuildFile; fileRef = CD5326782409F2DC00043426 /* main.m */; };
		CD5326832409F2DC00043426 /* FoundtionPractiveUITests.m in Sources */ = {isa = PBXBuildFile; fileRef = CD5326822409F2DC00043426 /* FoundtionPractiveUITests.m */; };
		CD5326932409F4BD00043426 /* MainViewController.m in Sources */ = {isa = PBXBuildFile; fileRef = CD5326922409F4BD00043426 /* MainViewController.m */; };
		CD5326972409F69200043426 /* RunloopViewController.m in Sources */ = {isa = PBXBuildFile; fileRef = CD5326962409F69200043426 /* RunloopViewController.m */; };
		CD53269B2409F82700043426 /* UIView+YSLayout.m in Sources */ = {isa = PBXBuildFile; fileRef = CD5326992409F82700043426 /* UIView+YSLayout.m */; };
		CD5326A1240A1AF400043426 /* GCDViewController.m in Sources */ = {isa = PBXBuildFile; fileRef = CD5326A0240A1AF400043426 /* GCDViewController.m */; };
		CD5326A4240A329100043426 /* WeakTimer.m in Sources */ = {isa = PBXBuildFile; fileRef = CD5326A3240A329100043426 /* WeakTimer.m */; };
		CD5326A7240A537000043426 /* RunTimeViewController.m in Sources */ = {isa = PBXBuildFile; fileRef = CD5326A6240A537000043426 /* RunTimeViewController.m */; };
		CD5326AA240A53D800043426 /* Person.m in Sources */ = {isa = PBXBuildFile; fileRef = CD5326A9240A53D800043426 /* Person.m */; };
		CD5326AD240A53EC00043426 /* Xiaoming.m in Sources */ = {isa = PBXBuildFile; fileRef = CD5326AC240A53EC00043426 /* Xiaoming.m */; };
		CD5326B0240A665300043426 /* NSString+AAAA.m in Sources */ = {isa = PBXBuildFile; fileRef = CD5326AF240A665300043426 /* NSString+AAAA.m */; };
		CD5326B3240A66E400043426 /* NSString+BBBBBBB.m in Sources */ = {isa = PBXBuildFile; fileRef = CD5326B2240A66E400043426 /* NSString+BBBBBBB.m */; };
		CD5326BF240A7E0200043426 /* Xiaoming+AAAAA.m in Sources */ = {isa = PBXBuildFile; fileRef = CD5326BD240A7E0200043426 /* Xiaoming+AAAAA.m */; };
		CD5326C7240A804D00043426 /* Xiaoming+BBBBBBB.m in Sources */ = {isa = PBXBuildFile; fileRef = CD5326C3240A804D00043426 /* Xiaoming+BBBBBBB.m */; };
		CD5326C8240A804D00043426 /* Xiaoming+CCCCCC.m in Sources */ = {isa = PBXBuildFile; fileRef = CD5326C5240A804D00043426 /* Xiaoming+CCCCCC.m */; };
		CD5326CE240A927F00043426 /* NSOperationViewController.m in Sources */ = {isa = PBXBuildFile; fileRef = CD5326CD240A927F00043426 /* NSOperationViewController.m */; };
		CD5326D1240AA8A500043426 /* CustomUIView.m in Sources */ = {isa = PBXBuildFile; fileRef = CD5326D0240AA8A500043426 /* CustomUIView.m */; };
		CD7EC77C2415D5CE003C9A29 /* DictionaryViewController.m in Sources */ = {isa = PBXBuildFile; fileRef = CD7EC77B2415D5CE003C9A29 /* DictionaryViewController.m */; };
		CD7EC77F2415D782003C9A29 /* ParentObj.m in Sources */ = {isa = PBXBuildFile; fileRef = CD7EC77E2415D782003C9A29 /* ParentObj.m */; };
		CD7EC785241658C1003C9A29 /* SonObject.m in Sources */ = {isa = PBXBuildFile; fileRef = CD7EC784241658C1003C9A29 /* SonObject.m */; };
		CD7EC78924166A9A003C9A29 /* LockViewController.m in Sources */ = {isa = PBXBuildFile; fileRef = CD7EC78824166A9A003C9A29 /* LockViewController.m */; };
		CDADA54224107C33005F2C81 /* TimerViewController.m in Sources */ = {isa = PBXBuildFile; fileRef = CDADA54124107C33005F2C81 /* TimerViewController.m */; };
		CDADA54624108B3E005F2C81 /* CALayerViewController.m in Sources */ = {isa = PBXBuildFile; fileRef = CDADA54524108B3E005F2C81 /* CALayerViewController.m */; };
		CDC8C02E241722F800240B04 /* GestureViewController.m in Sources */ = {isa = PBXBuildFile; fileRef = CDC8C02D241722F800240B04 /* GestureViewController.m */; };
		CDC8C04124175FF100240B04 /* AsynViewController.m in Sources */ = {isa = PBXBuildFile; fileRef = CDC8C04024175FF100240B04 /* AsynViewController.m */; };
/* End PBXBuildFile section */

/* Begin PBXContainerItemProxy section */
		CD53267F2409F2DC00043426 /* PBXContainerItemProxy */ = {
			isa = PBXContainerItemProxy;
			containerPortal = CD53265B2409F2D800043426 /* Project object */;
			proxyType = 1;
			remoteGlobalIDString = CD5326622409F2D800043426;
			remoteInfo = FoundtionPractive;
		};
/* End PBXContainerItemProxy section */

/* Begin PBXFileReference section */
		CD054A04240E748A000FBD29 /* BlockViewController.h */ = {isa = PBXFileReference; lastKnownFileType = sourcecode.c.h; path = BlockViewController.h; sourceTree = "<group>"; };
		CD054A05240E748A000FBD29 /* BlockViewController.m */ = {isa = PBXFileReference; lastKnownFileType = sourcecode.c.objc; path = BlockViewController.m; sourceTree = "<group>"; };
		CD5326632409F2D800043426 /* FoundtionPractive.app */ = {isa = PBXFileReference; explicitFileType = wrapper.application; includeInIndex = 0; path = FoundtionPractive.app; sourceTree = BUILT_PRODUCTS_DIR; };
		CD5326662409F2D800043426 /* AppDelegate.h */ = {isa = PBXFileReference; lastKnownFileType = sourcecode.c.h; path = AppDelegate.h; sourceTree = "<group>"; };
		CD5326672409F2D800043426 /* AppDelegate.m */ = {isa = PBXFileReference; lastKnownFileType = sourcecode.c.objc; path = AppDelegate.m; sourceTree = "<group>"; };
		CD5326692409F2D800043426 /* SceneDelegate.h */ = {isa = PBXFileReference; lastKnownFileType = sourcecode.c.h; path = SceneDelegate.h; sourceTree = "<group>"; };
		CD53266A2409F2D800043426 /* SceneDelegate.m */ = {isa = PBXFileReference; lastKnownFileType = sourcecode.c.objc; path = SceneDelegate.m; sourceTree = "<group>"; };
		CD5326722409F2DC00043426 /* Assets.xcassets */ = {isa = PBXFileReference; lastKnownFileType = folder.assetcatalog; path = Assets.xcassets; sourceTree = "<group>"; };
		CD5326752409F2DC00043426 /* Base */ = {isa = PBXFileReference; lastKnownFileType = file.storyboard; name = Base; path = Base.lproj/LaunchScreen.storyboard; sourceTree = "<group>"; };
		CD5326772409F2DC00043426 /* Info.plist */ = {isa = PBXFileReference; lastKnownFileType = text.plist.xml; path = Info.plist; sourceTree = "<group>"; };
		CD5326782409F2DC00043426 /* main.m */ = {isa = PBXFileReference; lastKnownFileType = sourcecode.c.objc; path = main.m; sourceTree = "<group>"; };
		CD53267E2409F2DC00043426 /* FoundtionPractiveUITests.xctest */ = {isa = PBXFileReference; explicitFileType = wrapper.cfbundle; includeInIndex = 0; path = FoundtionPractiveUITests.xctest; sourceTree = BUILT_PRODUCTS_DIR; };
		CD5326822409F2DC00043426 /* FoundtionPractiveUITests.m */ = {isa = PBXFileReference; lastKnownFileType = sourcecode.c.objc; path = FoundtionPractiveUITests.m; sourceTree = "<group>"; };
		CD5326842409F2DC00043426 /* Info.plist */ = {isa = PBXFileReference; lastKnownFileType = text.plist.xml; path = Info.plist; sourceTree = "<group>"; };
		CD5326912409F4BD00043426 /* MainViewController.h */ = {isa = PBXFileReference; lastKnownFileType = sourcecode.c.h; path = MainViewController.h; sourceTree = "<group>"; };
		CD5326922409F4BD00043426 /* MainViewController.m */ = {isa = PBXFileReference; lastKnownFileType = sourcecode.c.objc; path = MainViewController.m; sourceTree = "<group>"; };
		CD5326952409F69200043426 /* RunloopViewController.h */ = {isa = PBXFileReference; lastKnownFileType = sourcecode.c.h; path = RunloopViewController.h; sourceTree = "<group>"; };
		CD5326962409F69200043426 /* RunloopViewController.m */ = {isa = PBXFileReference; lastKnownFileType = sourcecode.c.objc; path = RunloopViewController.m; sourceTree = "<group>"; };
		CD5326992409F82700043426 /* UIView+YSLayout.m */ = {isa = PBXFileReference; fileEncoding = 4; lastKnownFileType = sourcecode.c.objc; path = "UIView+YSLayout.m"; sourceTree = "<group>"; };
		CD53269A2409F82700043426 /* UIView+YSLayout.h */ = {isa = PBXFileReference; fileEncoding = 4; lastKnownFileType = sourcecode.c.h; path = "UIView+YSLayout.h"; sourceTree = "<group>"; };
		CD53269C2409F86F00043426 /* PrefixHeader.pch */ = {isa = PBXFileReference; lastKnownFileType = sourcecode.c.h; path = PrefixHeader.pch; sourceTree = "<group>"; };
		CD53269F240A1AF400043426 /* GCDViewController.h */ = {isa = PBXFileReference; lastKnownFileType = sourcecode.c.h; path = GCDViewController.h; sourceTree = "<group>"; };
		CD5326A0240A1AF400043426 /* GCDViewController.m */ = {isa = PBXFileReference; lastKnownFileType = sourcecode.c.objc; path = GCDViewController.m; sourceTree = "<group>"; };
		CD5326A2240A329100043426 /* WeakTimer.h */ = {isa = PBXFileReference; lastKnownFileType = sourcecode.c.h; path = WeakTimer.h; sourceTree = "<group>"; };
		CD5326A3240A329100043426 /* WeakTimer.m */ = {isa = PBXFileReference; lastKnownFileType = sourcecode.c.objc; path = WeakTimer.m; sourceTree = "<group>"; };
		CD5326A5240A537000043426 /* RunTimeViewController.h */ = {isa = PBXFileReference; lastKnownFileType = sourcecode.c.h; path = RunTimeViewController.h; sourceTree = "<group>"; };
		CD5326A6240A537000043426 /* RunTimeViewController.m */ = {isa = PBXFileReference; lastKnownFileType = sourcecode.c.objc; path = RunTimeViewController.m; sourceTree = "<group>"; };
		CD5326A8240A53D800043426 /* Person.h */ = {isa = PBXFileReference; lastKnownFileType = sourcecode.c.h; path = Person.h; sourceTree = "<group>"; };
		CD5326A9240A53D800043426 /* Person.m */ = {isa = PBXFileReference; lastKnownFileType = sourcecode.c.objc; path = Person.m; sourceTree = "<group>"; };
		CD5326AB240A53EC00043426 /* Xiaoming.h */ = {isa = PBXFileReference; lastKnownFileType = sourcecode.c.h; path = Xiaoming.h; sourceTree = "<group>"; };
		CD5326AC240A53EC00043426 /* Xiaoming.m */ = {isa = PBXFileReference; lastKnownFileType = sourcecode.c.objc; path = Xiaoming.m; sourceTree = "<group>"; };
		CD5326AE240A665300043426 /* NSString+AAAA.h */ = {isa = PBXFileReference; lastKnownFileType = sourcecode.c.h; path = "NSString+AAAA.h"; sourceTree = "<group>"; };
		CD5326AF240A665300043426 /* NSString+AAAA.m */ = {isa = PBXFileReference; lastKnownFileType = sourcecode.c.objc; path = "NSString+AAAA.m"; sourceTree = "<group>"; };
		CD5326B1240A66E400043426 /* NSString+BBBBBBB.h */ = {isa = PBXFileReference; lastKnownFileType = sourcecode.c.h; path = "NSString+BBBBBBB.h"; sourceTree = "<group>"; };
		CD5326B2240A66E400043426 /* NSString+BBBBBBB.m */ = {isa = PBXFileReference; lastKnownFileType = sourcecode.c.objc; path = "NSString+BBBBBBB.m"; sourceTree = "<group>"; };
		CD5326BA240A7E0100043426 /* Xiaoming+AAAAA.h */ = {isa = PBXFileReference; fileEncoding = 4; lastKnownFileType = sourcecode.c.h; path = "Xiaoming+AAAAA.h"; sourceTree = "<group>"; };
		CD5326BD240A7E0200043426 /* Xiaoming+AAAAA.m */ = {isa = PBXFileReference; fileEncoding = 4; lastKnownFileType = sourcecode.c.objc; path = "Xiaoming+AAAAA.m"; sourceTree = "<group>"; };
		CD5326C3240A804D00043426 /* Xiaoming+BBBBBBB.m */ = {isa = PBXFileReference; fileEncoding = 4; lastKnownFileType = sourcecode.c.objc; path = "Xiaoming+BBBBBBB.m"; sourceTree = "<group>"; };
		CD5326C4240A804D00043426 /* Xiaoming+BBBBBBB.h */ = {isa = PBXFileReference; fileEncoding = 4; lastKnownFileType = sourcecode.c.h; path = "Xiaoming+BBBBBBB.h"; sourceTree = "<group>"; };
		CD5326C5240A804D00043426 /* Xiaoming+CCCCCC.m */ = {isa = PBXFileReference; fileEncoding = 4; lastKnownFileType = sourcecode.c.objc; path = "Xiaoming+CCCCCC.m"; sourceTree = "<group>"; };
		CD5326C6240A804D00043426 /* Xiaoming+CCCCCC.h */ = {isa = PBXFileReference; fileEncoding = 4; lastKnownFileType = sourcecode.c.h; path = "Xiaoming+CCCCCC.h"; sourceTree = "<group>"; };
		CD5326CC240A927F00043426 /* NSOperationViewController.h */ = {isa = PBXFileReference; lastKnownFileType = sourcecode.c.h; path = NSOperationViewController.h; sourceTree = "<group>"; };
		CD5326CD240A927F00043426 /* NSOperationViewController.m */ = {isa = PBXFileReference; lastKnownFileType = sourcecode.c.objc; path = NSOperationViewController.m; sourceTree = "<group>"; };
		CD5326CF240AA8A500043426 /* CustomUIView.h */ = {isa = PBXFileReference; lastKnownFileType = sourcecode.c.h; path = CustomUIView.h; sourceTree = "<group>"; };
		CD5326D0240AA8A500043426 /* CustomUIView.m */ = {isa = PBXFileReference; lastKnownFileType = sourcecode.c.objc; path = CustomUIView.m; sourceTree = "<group>"; };
		CD5326D2240BAAAB00043426 /* NSString+ExtString.h */ = {isa = PBXFileReference; lastKnownFileType = sourcecode.c.h; path = "NSString+ExtString.h"; sourceTree = "<group>"; };
		CD7EC77A2415D5CE003C9A29 /* DictionaryViewController.h */ = {isa = PBXFileReference; lastKnownFileType = sourcecode.c.h; path = DictionaryViewController.h; sourceTree = "<group>"; };
		CD7EC77B2415D5CE003C9A29 /* DictionaryViewController.m */ = {isa = PBXFileReference; lastKnownFileType = sourcecode.c.objc; path = DictionaryViewController.m; sourceTree = "<group>"; };
		CD7EC77D2415D782003C9A29 /* ParentObj.h */ = {isa = PBXFileReference; lastKnownFileType = sourcecode.c.h; path = ParentObj.h; sourceTree = "<group>"; };
		CD7EC77E2415D782003C9A29 /* ParentObj.m */ = {isa = PBXFileReference; lastKnownFileType = sourcecode.c.objc; path = ParentObj.m; sourceTree = "<group>"; };
		CD7EC783241658C1003C9A29 /* SonObject.h */ = {isa = PBXFileReference; lastKnownFileType = sourcecode.c.h; path = SonObject.h; sourceTree = "<group>"; };
		CD7EC784241658C1003C9A29 /* SonObject.m */ = {isa = PBXFileReference; lastKnownFileType = sourcecode.c.objc; path = SonObject.m; sourceTree = "<group>"; };
		CD7EC78724166A9A003C9A29 /* LockViewController.h */ = {isa = PBXFileReference; lastKnownFileType = sourcecode.c.h; path = LockViewController.h; sourceTree = "<group>"; };
		CD7EC78824166A9A003C9A29 /* LockViewController.m */ = {isa = PBXFileReference; lastKnownFileType = sourcecode.c.objc; path = LockViewController.m; sourceTree = "<group>"; };
		CDADA54024107C33005F2C81 /* TimerViewController.h */ = {isa = PBXFileReference; lastKnownFileType = sourcecode.c.h; path = TimerViewController.h; sourceTree = "<group>"; };
		CDADA54124107C33005F2C81 /* TimerViewController.m */ = {isa = PBXFileReference; lastKnownFileType = sourcecode.c.objc; path = TimerViewController.m; sourceTree = "<group>"; };
		CDADA54424108B3E005F2C81 /* CALayerViewController.h */ = {isa = PBXFileReference; lastKnownFileType = sourcecode.c.h; path = CALayerViewController.h; sourceTree = "<group>"; };
		CDADA54524108B3E005F2C81 /* CALayerViewController.m */ = {isa = PBXFileReference; lastKnownFileType = sourcecode.c.objc; path = CALayerViewController.m; sourceTree = "<group>"; };
		CDC8C02C241722F800240B04 /* GestureViewController.h */ = {isa = PBXFileReference; lastKnownFileType = sourcecode.c.h; path = GestureViewController.h; sourceTree = "<group>"; };
		CDC8C02D241722F800240B04 /* GestureViewController.m */ = {isa = PBXFileReference; lastKnownFileType = sourcecode.c.objc; path = GestureViewController.m; sourceTree = "<group>"; };
		CDC8C03F24175FF100240B04 /* AsynViewController.h */ = {isa = PBXFileReference; lastKnownFileType = sourcecode.c.h; path = AsynViewController.h; sourceTree = "<group>"; };
		CDC8C04024175FF100240B04 /* AsynViewController.m */ = {isa = PBXFileReference; lastKnownFileType = sourcecode.c.objc; path = AsynViewController.m; sourceTree = "<group>"; };
/* End PBXFileReference section */

/* Begin PBXFrameworksBuildPhase section */
		CD5326602409F2D800043426 /* Frameworks */ = {
			isa = PBXFrameworksBuildPhase;
			buildActionMask = 2147483647;
			files = (
			);
			runOnlyForDeploymentPostprocessing = 0;
		};
		CD53267B2409F2DC00043426 /* Frameworks */ = {
			isa = PBXFrameworksBuildPhase;
			buildActionMask = 2147483647;
			files = (
			);
			runOnlyForDeploymentPostprocessing = 0;
		};
/* End PBXFrameworksBuildPhase section */

/* Begin PBXGroup section */
		CD054A03240E7466000FBD29 /* 04.block */ = {
			isa = PBXGroup;
			children = (
				CD054A04240E748A000FBD29 /* BlockViewController.h */,
				CD054A05240E748A000FBD29 /* BlockViewController.m */,
			);
			path = 04.block;
			sourceTree = "<group>";
		};
		CD53265A2409F2D800043426 = {
			isa = PBXGroup;
			children = (
				CD5326652409F2D800043426 /* FoundtionPractive */,
				CD5326812409F2DC00043426 /* FoundtionPractiveUITests */,
				CD5326642409F2D800043426 /* Products */,
			);
			sourceTree = "<group>";
		};
		CD5326642409F2D800043426 /* Products */ = {
			isa = PBXGroup;
			children = (
				CD5326632409F2D800043426 /* FoundtionPractive.app */,
				CD53267E2409F2DC00043426 /* FoundtionPractiveUITests.xctest */,
			);
			name = Products;
			sourceTree = "<group>";
		};
		CD5326652409F2D800043426 /* FoundtionPractive */ = {
			isa = PBXGroup;
			children = (
				CD5326982409F81300043426 /* Base */,
				CD5326902409F49E00043426 /* ViewController */,
				CD53268F2409F3E200043426 /* source */,
				CD53268E2409F3B800043426 /* appdelegate */,
				CD5326772409F2DC00043426 /* Info.plist */,
			);
			path = FoundtionPractive;
			sourceTree = "<group>";
		};
		CD5326812409F2DC00043426 /* FoundtionPractiveUITests */ = {
			isa = PBXGroup;
			children = (
				CD5326822409F2DC00043426 /* FoundtionPractiveUITests.m */,
				CD5326842409F2DC00043426 /* Info.plist */,
			);
			path = FoundtionPractiveUITests;
			sourceTree = "<group>";
		};
		CD53268E2409F3B800043426 /* appdelegate */ = {
			isa = PBXGroup;
			children = (
				CD5326782409F2DC00043426 /* main.m */,
				CD5326662409F2D800043426 /* AppDelegate.h */,
				CD5326672409F2D800043426 /* AppDelegate.m */,
				CD5326692409F2D800043426 /* SceneDelegate.h */,
				CD53266A2409F2D800043426 /* SceneDelegate.m */,
				CD53269C2409F86F00043426 /* PrefixHeader.pch */,
			);
			path = appdelegate;
			sourceTree = "<group>";
		};
		CD53268F2409F3E200043426 /* source */ = {
			isa = PBXGroup;
			children = (
				CD5326722409F2DC00043426 /* Assets.xcassets */,
				CD5326742409F2DC00043426 /* LaunchScreen.storyboard */,
			);
			path = source;
			sourceTree = "<group>";
		};
		CD5326902409F49E00043426 /* ViewController */ = {
			isa = PBXGroup;
			children = (
				CD5326942409F64F00043426 /* 01.runloop */,
				CD53269D2409FE4600043426 /* 02.runtime */,
				CD53269E2409FE5300043426 /* 03.thread */,
				CD054A03240E7466000FBD29 /* 04.block */,
				CDADA53F24107C17005F2C81 /* 05.timer */,
				CDADA54324108B11005F2C81 /* 06.CALayer */,
				CD7EC7792415D562003C9A29 /* 07.NSDictionary */,
				CD7EC78624166A81003C9A29 /* 08.lock */,
				CDC8C02B241722D500240B04 /* 09.gesture */,
				CDC8C03E24175FC200240B04 /* 10.AsynDisplay */,
				CD5326912409F4BD00043426 /* MainViewController.h */,
				CD5326922409F4BD00043426 /* MainViewController.m */,
				CD5326CF240AA8A500043426 /* CustomUIView.h */,
				CD5326D0240AA8A500043426 /* CustomUIView.m */,
			);
			path = ViewController;
			sourceTree = "<group>";
		};
		CD5326942409F64F00043426 /* 01.runloop */ = {
			isa = PBXGroup;
			children = (
				CD5326952409F69200043426 /* RunloopViewController.h */,
				CD5326962409F69200043426 /* RunloopViewController.m */,
				CD5326A2240A329100043426 /* WeakTimer.h */,
				CD5326A3240A329100043426 /* WeakTimer.m */,
			);
			path = 01.runloop;
			sourceTree = "<group>";
		};
		CD5326982409F81300043426 /* Base */ = {
			isa = PBXGroup;
			children = (
				CD53269A2409F82700043426 /* UIView+YSLayout.h */,
				CD5326992409F82700043426 /* UIView+YSLayout.m */,
			);
			path = Base;
			sourceTree = "<group>";
		};
		CD53269D2409FE4600043426 /* 02.runtime */ = {
			isa = PBXGroup;
			children = (
				CD5326C4240A804D00043426 /* Xiaoming+BBBBBBB.h */,
				CD5326C3240A804D00043426 /* Xiaoming+BBBBBBB.m */,
				CD5326C6240A804D00043426 /* Xiaoming+CCCCCC.h */,
				CD5326C5240A804D00043426 /* Xiaoming+CCCCCC.m */,
				CD5326BA240A7E0100043426 /* Xiaoming+AAAAA.h */,
				CD5326BD240A7E0200043426 /* Xiaoming+AAAAA.m */,
				CD5326A8240A53D800043426 /* Person.h */,
				CD5326A9240A53D800043426 /* Person.m */,
				CD5326AB240A53EC00043426 /* Xiaoming.h */,
				CD5326AC240A53EC00043426 /* Xiaoming.m */,
				CD5326AE240A665300043426 /* NSString+AAAA.h */,
				CD5326AF240A665300043426 /* NSString+AAAA.m */,
				CD5326B1240A66E400043426 /* NSString+BBBBBBB.h */,
				CD5326B2240A66E400043426 /* NSString+BBBBBBB.m */,
				CD5326A5240A537000043426 /* RunTimeViewController.h */,
				CD5326A6240A537000043426 /* RunTimeViewController.m */,
				CD5326D2240BAAAB00043426 /* NSString+ExtString.h */,
			);
			path = 02.runtime;
			sourceTree = "<group>";
		};
		CD53269E2409FE5300043426 /* 03.thread */ = {
			isa = PBXGroup;
			children = (
				CD53269F240A1AF400043426 /* GCDViewController.h */,
				CD5326A0240A1AF400043426 /* GCDViewController.m */,
				CD5326CC240A927F00043426 /* NSOperationViewController.h */,
				CD5326CD240A927F00043426 /* NSOperationViewController.m */,
			);
			path = 03.thread;
			sourceTree = "<group>";
		};
		CD7EC7792415D562003C9A29 /* 07.NSDictionary */ = {
			isa = PBXGroup;
			children = (
				CD7EC77A2415D5CE003C9A29 /* DictionaryViewController.h */,
				CD7EC77B2415D5CE003C9A29 /* DictionaryViewController.m */,
				CD7EC77D2415D782003C9A29 /* ParentObj.h */,
				CD7EC77E2415D782003C9A29 /* ParentObj.m */,
				CD7EC783241658C1003C9A29 /* SonObject.h */,
				CD7EC784241658C1003C9A29 /* SonObject.m */,
			);
			path = 07.NSDictionary;
			sourceTree = "<group>";
		};
		CD7EC78624166A81003C9A29 /* 08.lock */ = {
			isa = PBXGroup;
			children = (
				CD7EC78724166A9A003C9A29 /* LockViewController.h */,
				CD7EC78824166A9A003C9A29 /* LockViewController.m */,
			);
			path = 08.lock;
			sourceTree = "<group>";
		};
		CDADA53F24107C17005F2C81 /* 05.timer */ = {
			isa = PBXGroup;
			children = (
				CDADA54024107C33005F2C81 /* TimerViewController.h */,
				CDADA54124107C33005F2C81 /* TimerViewController.m */,
			);
			path = 05.timer;
			sourceTree = "<group>";
		};
		CDADA54324108B11005F2C81 /* 06.CALayer */ = {
			isa = PBXGroup;
			children = (
				CDADA54424108B3E005F2C81 /* CALayerViewController.h */,
				CDADA54524108B3E005F2C81 /* CALayerViewController.m */,
			);
			path = 06.CALayer;
			sourceTree = "<group>";
		};
		CDC8C02B241722D500240B04 /* 09.gesture */ = {
			isa = PBXGroup;
			children = (
				CDC8C02C241722F800240B04 /* GestureViewController.h */,
				CDC8C02D241722F800240B04 /* GestureViewController.m */,
			);
			path = 09.gesture;
			sourceTree = "<group>";
		};
		CDC8C03E24175FC200240B04 /* 10.AsynDisplay */ = {
			isa = PBXGroup;
			children = (
				CDC8C03F24175FF100240B04 /* AsynViewController.h */,
				CDC8C04024175FF100240B04 /* AsynViewController.m */,
			);
			path = 10.AsynDisplay;
			sourceTree = "<group>";
		};
/* End PBXGroup section */

/* Begin PBXNativeTarget section */
		CD5326622409F2D800043426 /* FoundtionPractive */ = {
			isa = PBXNativeTarget;
			buildConfigurationList = CD5326872409F2DC00043426 /* Build configuration list for PBXNativeTarget "FoundtionPractive" */;
			buildPhases = (
				CD53265F2409F2D800043426 /* Sources */,
				CD5326602409F2D800043426 /* Frameworks */,
				CD5326612409F2D800043426 /* Resources */,
			);
			buildRules = (
			);
			dependencies = (
			);
			name = FoundtionPractive;
			productName = FoundtionPractive;
			productReference = CD5326632409F2D800043426 /* FoundtionPractive.app */;
			productType = "com.apple.product-type.application";
		};
		CD53267D2409F2DC00043426 /* FoundtionPractiveUITests */ = {
			isa = PBXNativeTarget;
			buildConfigurationList = CD53268A2409F2DC00043426 /* Build configuration list for PBXNativeTarget "FoundtionPractiveUITests" */;
			buildPhases = (
				CD53267A2409F2DC00043426 /* Sources */,
				CD53267B2409F2DC00043426 /* Frameworks */,
				CD53267C2409F2DC00043426 /* Resources */,
			);
			buildRules = (
			);
			dependencies = (
				CD5326802409F2DC00043426 /* PBXTargetDependency */,
			);
			name = FoundtionPractiveUITests;
			productName = FoundtionPractiveUITests;
			productReference = CD53267E2409F2DC00043426 /* FoundtionPractiveUITests.xctest */;
			productType = "com.apple.product-type.bundle.ui-testing";
		};
/* End PBXNativeTarget section */

/* Begin PBXProject section */
		CD53265B2409F2D800043426 /* Project object */ = {
			isa = PBXProject;
			attributes = {
				LastUpgradeCheck = 1120;
				ORGANIZATIONNAME = wch;
				TargetAttributes = {
					CD5326622409F2D800043426 = {
						CreatedOnToolsVersion = 11.2.1;
					};
					CD53267D2409F2DC00043426 = {
						CreatedOnToolsVersion = 11.2.1;
						TestTargetID = CD5326622409F2D800043426;
					};
				};
			};
			buildConfigurationList = CD53265E2409F2D800043426 /* Build configuration list for PBXProject "FoundtionPractive" */;
			compatibilityVersion = "Xcode 9.3";
			developmentRegion = en;
			hasScannedForEncodings = 0;
			knownRegions = (
				en,
				Base,
			);
			mainGroup = CD53265A2409F2D800043426;
			productRefGroup = CD5326642409F2D800043426 /* Products */;
			projectDirPath = "";
			projectRoot = "";
			targets = (
				CD5326622409F2D800043426 /* FoundtionPractive */,
				CD53267D2409F2DC00043426 /* FoundtionPractiveUITests */,
			);
		};
/* End PBXProject section */

/* Begin PBXResourcesBuildPhase section */
		CD5326612409F2D800043426 /* Resources */ = {
			isa = PBXResourcesBuildPhase;
			buildActionMask = 2147483647;
			files = (
				CD5326762409F2DC00043426 /* LaunchScreen.storyboard in Resources */,
				CD5326732409F2DC00043426 /* Assets.xcassets in Resources */,
			);
			runOnlyForDeploymentPostprocessing = 0;
		};
		CD53267C2409F2DC00043426 /* Resources */ = {
			isa = PBXResourcesBuildPhase;
			buildActionMask = 2147483647;
			files = (
			);
			runOnlyForDeploymentPostprocessing = 0;
		};
/* End PBXResourcesBuildPhase section */

/* Begin PBXSourcesBuildPhase section */
		CD53265F2409F2D800043426 /* Sources */ = {
			isa = PBXSourcesBuildPhase;
			buildActionMask = 2147483647;
			files = (
				CD53269B2409F82700043426 /* UIView+YSLayout.m in Sources */,
				CD5326B0240A665300043426 /* NSString+AAAA.m in Sources */,
				CD5326B3240A66E400043426 /* NSString+BBBBBBB.m in Sources */,
				CD5326D1240AA8A500043426 /* CustomUIView.m in Sources */,
				CD5326682409F2D800043426 /* AppDelegate.m in Sources */,
				CD5326AA240A53D800043426 /* Person.m in Sources */,
				CD5326A7240A537000043426 /* RunTimeViewController.m in Sources */,
				CD5326792409F2DC00043426 /* main.m in Sources */,
				CD5326972409F69200043426 /* RunloopViewController.m in Sources */,
				CD7EC78924166A9A003C9A29 /* LockViewController.m in Sources */,
				CD5326AD240A53EC00043426 /* Xiaoming.m in Sources */,
				CD7EC77F2415D782003C9A29 /* ParentObj.m in Sources */,
				CD054A06240E748A000FBD29 /* BlockViewController.m in Sources */,
				CD5326A1240A1AF400043426 /* GCDViewController.m in Sources */,
				CDADA54224107C33005F2C81 /* TimerViewController.m in Sources */,
				CDC8C04124175FF100240B04 /* AsynViewController.m in Sources */,
				CD5326CE240A927F00043426 /* NSOperationViewController.m in Sources */,
				CD5326BF240A7E0200043426 /* Xiaoming+AAAAA.m in Sources */,
				CD5326C7240A804D00043426 /* Xiaoming+BBBBBBB.m in Sources */,
				CDADA54624108B3E005F2C81 /* CALayerViewController.m in Sources */,
				CD5326C8240A804D00043426 /* Xiaoming+CCCCCC.m in Sources */,
				CD53266B2409F2D800043426 /* SceneDelegate.m in Sources */,
				CD5326932409F4BD00043426 /* MainViewController.m in Sources */,
				CDC8C02E241722F800240B04 /* GestureViewController.m in Sources */,
				CD7EC785241658C1003C9A29 /* SonObject.m in Sources */,
				CD7EC77C2415D5CE003C9A29 /* DictionaryViewController.m in Sources */,
				CD5326A4240A329100043426 /* WeakTimer.m in Sources */,
			);
			runOnlyForDeploymentPostprocessing = 0;
		};
		CD53267A2409F2DC00043426 /* Sources */ = {
			isa = PBXSourcesBuildPhase;
			buildActionMask = 2147483647;
			files = (
				CD5326832409F2DC00043426 /* FoundtionPractiveUITests.m in Sources */,
			);
			runOnlyForDeploymentPostprocessing = 0;
		};
/* End PBXSourcesBuildPhase section */

/* Begin PBXTargetDependency section */
		CD5326802409F2DC00043426 /* PBXTargetDependency */ = {
			isa = PBXTargetDependency;
			target = CD5326622409F2D800043426 /* FoundtionPractive */;
			targetProxy = CD53267F2409F2DC00043426 /* PBXContainerItemProxy */;
		};
/* End PBXTargetDependency section */

/* Begin PBXVariantGroup section */
		CD5326742409F2DC00043426 /* LaunchScreen.storyboard */ = {
			isa = PBXVariantGroup;
			children = (
				CD5326752409F2DC00043426 /* Base */,
			);
			name = LaunchScreen.storyboard;
			sourceTree = "<group>";
		};
/* End PBXVariantGroup section */

/* Begin XCBuildConfiguration section */
		CD5326852409F2DC00043426 /* Debug */ = {
			isa = XCBuildConfiguration;
			buildSettings = {
				ALWAYS_SEARCH_USER_PATHS = NO;
				CLANG_ANALYZER_NONNULL = YES;
				CLANG_ANALYZER_NUMBER_OBJECT_CONVERSION = YES_AGGRESSIVE;
				CLANG_CXX_LANGUAGE_STANDARD = "gnu++14";
				CLANG_CXX_LIBRARY = "libc++";
				CLANG_ENABLE_MODULES = YES;
				CLANG_ENABLE_OBJC_ARC = YES;
				CLANG_ENABLE_OBJC_WEAK = YES;
				CLANG_WARN_BLOCK_CAPTURE_AUTORELEASING = YES;
				CLANG_WARN_BOOL_CONVERSION = YES;
				CLANG_WARN_COMMA = YES;
				CLANG_WARN_CONSTANT_CONVERSION = YES;
				CLANG_WARN_DEPRECATED_OBJC_IMPLEMENTATIONS = YES;
				CLANG_WARN_DIRECT_OBJC_ISA_USAGE = YES_ERROR;
				CLANG_WARN_DOCUMENTATION_COMMENTS = YES;
				CLANG_WARN_EMPTY_BODY = YES;
				CLANG_WARN_ENUM_CONVERSION = YES;
				CLANG_WARN_INFINITE_RECURSION = YES;
				CLANG_WARN_INT_CONVERSION = YES;
				CLANG_WARN_NON_LITERAL_NULL_CONVERSION = YES;
				CLANG_WARN_OBJC_IMPLICIT_RETAIN_SELF = YES;
				CLANG_WARN_OBJC_LITERAL_CONVERSION = YES;
				CLANG_WARN_OBJC_ROOT_CLASS = YES_ERROR;
				CLANG_WARN_RANGE_LOOP_ANALYSIS = YES;
				CLANG_WARN_STRICT_PROTOTYPES = YES;
				CLANG_WARN_SUSPICIOUS_MOVE = YES;
				CLANG_WARN_UNGUARDED_AVAILABILITY = YES_AGGRESSIVE;
				CLANG_WARN_UNREACHABLE_CODE = YES;
				CLANG_WARN__DUPLICATE_METHOD_MATCH = YES;
				COPY_PHASE_STRIP = NO;
				DEBUG_INFORMATION_FORMAT = dwarf;
				ENABLE_STRICT_OBJC_MSGSEND = NO;
				ENABLE_TESTABILITY = YES;
				GCC_C_LANGUAGE_STANDARD = gnu11;
				GCC_DYNAMIC_NO_PIC = NO;
				GCC_NO_COMMON_BLOCKS = YES;
				GCC_OPTIMIZATION_LEVEL = 0;
				GCC_PRECOMPILE_PREFIX_HEADER = YES;
				GCC_PREPROCESSOR_DEFINITIONS = (
					"DEBUG=1",
					"$(inherited)",
				);
				GCC_WARN_64_TO_32_BIT_CONVERSION = YES;
				GCC_WARN_ABOUT_RETURN_TYPE = YES_ERROR;
				GCC_WARN_UNDECLARED_SELECTOR = YES;
				GCC_WARN_UNINITIALIZED_AUTOS = YES_AGGRESSIVE;
				GCC_WARN_UNUSED_FUNCTION = YES;
				GCC_WARN_UNUSED_VARIABLE = YES;
				IPHONEOS_DEPLOYMENT_TARGET = 13.2;
				MTL_ENABLE_DEBUG_INFO = INCLUDE_SOURCE;
				MTL_FAST_MATH = YES;
				ONLY_ACTIVE_ARCH = YES;
				SDKROOT = iphoneos;
			};
			name = Debug;
		};
		CD5326862409F2DC00043426 /* Release */ = {
			isa = XCBuildConfiguration;
			buildSettings = {
				ALWAYS_SEARCH_USER_PATHS = NO;
				CLANG_ANALYZER_NONNULL = YES;
				CLANG_ANALYZER_NUMBER_OBJECT_CONVERSION = YES_AGGRESSIVE;
				CLANG_CXX_LANGUAGE_STANDARD = "gnu++14";
				CLANG_CXX_LIBRARY = "libc++";
				CLANG_ENABLE_MODULES = YES;
				CLANG_ENABLE_OBJC_ARC = YES;
				CLANG_ENABLE_OBJC_WEAK = YES;
				CLANG_WARN_BLOCK_CAPTURE_AUTORELEASING = YES;
				CLANG_WARN_BOOL_CONVERSION = YES;
				CLANG_WARN_COMMA = YES;
				CLANG_WARN_CONSTANT_CONVERSION = YES;
				CLANG_WARN_DEPRECATED_OBJC_IMPLEMENTATIONS = YES;
				CLANG_WARN_DIRECT_OBJC_ISA_USAGE = YES_ERROR;
				CLANG_WARN_DOCUMENTATION_COMMENTS = YES;
				CLANG_WARN_EMPTY_BODY = YES;
				CLANG_WARN_ENUM_CONVERSION = YES;
				CLANG_WARN_INFINITE_RECURSION = YES;
				CLANG_WARN_INT_CONVERSION = YES;
				CLANG_WARN_NON_LITERAL_NULL_CONVERSION = YES;
				CLANG_WARN_OBJC_IMPLICIT_RETAIN_SELF = YES;
				CLANG_WARN_OBJC_LITERAL_CONVERSION = YES;
				CLANG_WARN_OBJC_ROOT_CLASS = YES_ERROR;
				CLANG_WARN_RANGE_LOOP_ANALYSIS = YES;
				CLANG_WARN_STRICT_PROTOTYPES = YES;
				CLANG_WARN_SUSPICIOUS_MOVE = YES;
				CLANG_WARN_UNGUARDED_AVAILABILITY = YES_AGGRESSIVE;
				CLANG_WARN_UNREACHABLE_CODE = YES;
				CLANG_WARN__DUPLICATE_METHOD_MATCH = YES;
				COPY_PHASE_STRIP = NO;
				DEBUG_INFORMATION_FORMAT = "dwarf-with-dsym";
				ENABLE_NS_ASSERTIONS = NO;
				ENABLE_STRICT_OBJC_MSGSEND = NO;
				GCC_C_LANGUAGE_STANDARD = gnu11;
				GCC_NO_COMMON_BLOCKS = YES;
				GCC_PRECOMPILE_PREFIX_HEADER = YES;
				GCC_WARN_64_TO_32_BIT_CONVERSION = YES;
				GCC_WARN_ABOUT_RETURN_TYPE = YES_ERROR;
				GCC_WARN_UNDECLARED_SELECTOR = YES;
				GCC_WARN_UNINITIALIZED_AUTOS = YES_AGGRESSIVE;
				GCC_WARN_UNUSED_FUNCTION = YES;
				GCC_WARN_UNUSED_VARIABLE = YES;
				IPHONEOS_DEPLOYMENT_TARGET = 13.2;
				MTL_ENABLE_DEBUG_INFO = NO;
				MTL_FAST_MATH = YES;
				SDKROOT = iphoneos;
				VALIDATE_PRODUCT = YES;
			};
			name = Release;
		};
		CD5326882409F2DC00043426 /* Debug */ = {
			isa = XCBuildConfiguration;
			buildSettings = {
				ASSETCATALOG_COMPILER_APPICON_NAME = AppIcon;
				CODE_SIGN_STYLE = Automatic;
				GCC_PRECOMPILE_PREFIX_HEADER = YES;
				GCC_PREFIX_HEADER = "$(SRCROOT)/FoundtionPractive/appdelegate/PrefixHeader.pch";
				INFOPLIST_FILE = FoundtionPractive/Info.plist;
				LD_RUNPATH_SEARCH_PATHS = (
					"$(inherited)",
					"@executable_path/Frameworks",
				);
				PRODUCT_BUNDLE_IDENTIFIER = com.apuray.FoundtionPractive;
				PRODUCT_NAME = "$(TARGET_NAME)";
				TARGETED_DEVICE_FAMILY = "1,2";
			};
			name = Debug;
		};
		CD5326892409F2DC00043426 /* Release */ = {
			isa = XCBuildConfiguration;
			buildSettings = {
				ASSETCATALOG_COMPILER_APPICON_NAME = AppIcon;
				CODE_SIGN_STYLE = Automatic;
				GCC_PRECOMPILE_PREFIX_HEADER = YES;
				GCC_PREFIX_HEADER = "$(SRCROOT)/FoundtionPractive/appdelegate/PrefixHeader.pch";
				INFOPLIST_FILE = FoundtionPractive/Info.plist;
				LD_RUNPATH_SEARCH_PATHS = (
					"$(inherited)",
					"@executable_path/Frameworks",
				);
				PRODUCT_BUNDLE_IDENTIFIER = com.apuray.FoundtionPractive;
				PRODUCT_NAME = "$(TARGET_NAME)";
				TARGETED_DEVICE_FAMILY = "1,2";
			};
			name = Release;
		};
		CD53268B2409F2DC00043426 /* Debug */ = {
			isa = XCBuildConfiguration;
			buildSettings = {
				CODE_SIGN_STYLE = Automatic;
				INFOPLIST_FILE = FoundtionPractiveUITests/Info.plist;
				LD_RUNPATH_SEARCH_PATHS = (
					"$(inherited)",
					"@executable_path/Frameworks",
					"@loader_path/Frameworks",
				);
				PRODUCT_BUNDLE_IDENTIFIER = com.apuray.FoundtionPractiveUITests;
				PRODUCT_NAME = "$(TARGET_NAME)";
				TARGETED_DEVICE_FAMILY = "1,2";
				TEST_TARGET_NAME = FoundtionPractive;
			};
			name = Debug;
		};
		CD53268C2409F2DC00043426 /* Release */ = {
			isa = XCBuildConfiguration;
			buildSettings = {
				CODE_SIGN_STYLE = Automatic;
				INFOPLIST_FILE = FoundtionPractiveUITests/Info.plist;
				LD_RUNPATH_SEARCH_PATHS = (
					"$(inherited)",
					"@executable_path/Frameworks",
					"@loader_path/Frameworks",
				);
				PRODUCT_BUNDLE_IDENTIFIER = com.apuray.FoundtionPractiveUITests;
				PRODUCT_NAME = "$(TARGET_NAME)";
				TARGETED_DEVICE_FAMILY = "1,2";
				TEST_TARGET_NAME = FoundtionPractive;
			};
			name = Release;
		};
/* End XCBuildConfiguration section */

/* Begin XCConfigurationList section */
		CD53265E2409F2D800043426 /* Build configuration list for PBXProject "FoundtionPractive" */ = {
			isa = XCConfigurationList;
			buildConfigurations = (
				CD5326852409F2DC00043426 /* Debug */,
				CD5326862409F2DC00043426 /* Release */,
			);
			defaultConfigurationIsVisible = 0;
			defaultConfigurationName = Release;
		};
		CD5326872409F2DC00043426 /* Build configuration list for PBXNativeTarget "FoundtionPractive" */ = {
			isa = XCConfigurationList;
			buildConfigurations = (
				CD5326882409F2DC00043426 /* Debug */,
				CD5326892409F2DC00043426 /* Release */,
			);
			defaultConfigurationIsVisible = 0;
			defaultConfigurationName = Release;
		};
		CD53268A2409F2DC00043426 /* Build configuration list for PBXNativeTarget "FoundtionPractiveUITests" */ = {
			isa = XCConfigurationList;
			buildConfigurations = (
				CD53268B2409F2DC00043426 /* Debug */,
				CD53268C2409F2DC00043426 /* Release */,
			);
			defaultConfigurationIsVisible = 0;
			defaultConfigurationName = Release;
		};
/* End XCConfigurationList section */
	};
	rootObject = CD53265B2409F2D800043426 /* Project object */;
}
